
Microsoft Visual Studio Solution File, Format Version 11.00
# Visual Studio 2010
Project("{8BC9CEB8-8B4A-11D0-8D11-00A0C91BC942}") = "gtest", "gtest.vcxproj", "{FC4BBE98-55B2-1C45-8350-C2B4AF963C05}"
EndProject
Project("{8BC9CEB8-8B4A-11D0-8D11-00A0C91BC942}") = "test_bullet_collision", "test_bullet_collision.vcxproj", "{146208F3-77ED-BC46-9A0E-7D38214541B5}"
	ProjectSection(ProjectDependencies) = postProject
		{CB097CEA-6BB3-8448-B15E-896AF4B46417} = {CB097CEA-6BB3-8448-B15E-896AF4B46417}
		{FC4BBE98-55B2-1C45-8350-C2B4AF963C05} = {FC4BBE98-55B2-1C45-8350-C2B4AF963C05}
	EndProjectSection
EndProject
Project("{8BC9CEB8-8B4A-11D0-8D11-00A0C91BC942}") = "Test_OpenCL_Bullet3", "Test_OpenCL_Bullet3.vcxproj", "{07D71A38-9C9A-A741-BDAA-AC523FAE34C0}"
	ProjectSection(ProjectDependencies) = postProject
		{FC4BBE98-55B2-1C45-8350-C2B4AF963C05} = {FC4BBE98-55B2-1C45-8350-C2B4AF963C05}
		{50326626-A99F-6143-AF12-FB3A7B7B45E2} = {50326626-A99F-6143-AF12-FB3A7B7B45E2}
		{F799D61A-A13E-8E41-BDE8-4AA378FE32C3} = {F799D61A-A13E-8E41-BDE8-4AA378FE32C3}
	EndProjectSection
EndProject
Project("{8BC9CEB8-8B4A-11D0-8D11-00A0C91BC942}") = "App_AllBullet2Demos", "App_AllBullet2Demos.vcxproj", "{A8D90C6C-D7F9-F649-8382-FCD288FBCF0F}"
	ProjectSection(ProjectDependencies) = postProject
		{5718DABA-EA36-BC40-91D6-A05A803AF09E} = {5718DABA-EA36-BC40-91D6-A05A803AF09E}
		{9BB25562-42C9-B74B-A27B-4E32C9B61B85} = {9BB25562-42C9-B74B-A27B-4E32C9B61B85}
		{6442FE5F-750F-C04D-9761-658B74B089DE} = {6442FE5F-750F-C04D-9761-658B74B089DE}
		{C7F997E5-CACA-B94C-BFE3-55321126AB1E} = {C7F997E5-CACA-B94C-BFE3-55321126AB1E}
		{598D9FC6-3220-1D46-B1AA-BD6E6A94815B} = {598D9FC6-3220-1D46-B1AA-BD6E6A94815B}
		{CB097CEA-6BB3-8448-B15E-896AF4B46417} = {CB097CEA-6BB3-8448-B15E-896AF4B46417}
		{F799D61A-A13E-8E41-BDE8-4AA378FE32C3} = {F799D61A-A13E-8E41-BDE8-4AA378FE32C3}
		{65247A4F-C7FC-B841-9D56-A4524199A87A} = {65247A4F-C7FC-B841-9D56-A4524199A87A}
	EndProjectSection
EndProject
Project("{8BC9CEB8-8B4A-11D0-8D11-00A0C91BC942}") = "App_Bullet3_OpenCL_Demos_clew", "App_Bullet3_OpenCL_Demos_clew.vcxproj", "{B57D9688-FD11-0545-995A-7B22E385CE61}"
	ProjectSection(ProjectDependencies) = postProject
		{5718DABA-EA36-BC40-91D6-A05A803AF09E} = {5718DABA-EA36-BC40-91D6-A05A803AF09E}
		{9BB25562-42C9-B74B-A27B-4E32C9B61B85} = {9BB25562-42C9-B74B-A27B-4E32C9B61B85}
		{0B229098-4DA1-A946-905F-A3A35F9CB8A2} = {0B229098-4DA1-A946-905F-A3A35F9CB8A2}
		{50326626-A99F-6143-AF12-FB3A7B7B45E2} = {50326626-A99F-6143-AF12-FB3A7B7B45E2}
		{DC92164C-0BA6-DD4D-B443-D15308C1C637} = {DC92164C-0BA6-DD4D-B443-D15308C1C637}
		{EE29CFB8-3099-5E4D-967E-27569385F2CB} = {EE29CFB8-3099-5E4D-967E-27569385F2CB}
		{872A6CA7-E6C8-6A43-A840-3B791334312E} = {872A6CA7-E6C8-6A43-A840-3B791334312E}
		{F799D61A-A13E-8E41-BDE8-4AA378FE32C3} = {F799D61A-A13E-8E41-BDE8-4AA378FE32C3}
	EndProjectSection
EndProject
Project("{8BC9CEB8-8B4A-11D0-8D11-00A0C91BC942}") = "App_BasicDemoConsole", "App_BasicDemoConsole.vcxproj", "{F2670AEE-E7E5-6F4C-8FD9-B99199C4D724}"
	ProjectSection(ProjectDependencies) = postProject
		{C7F997E5-CACA-B94C-BFE3-55321126AB1E} = {C7F997E5-CACA-B94C-BFE3-55321126AB1E}
		{598D9FC6-3220-1D46-B1AA-BD6E6A94815B} = {598D9FC6-3220-1D46-B1AA-BD6E6A94815B}
		{CB097CEA-6BB3-8448-B15E-896AF4B46417} = {CB097CEA-6BB3-8448-B15E-896AF4B46417}
	EndProjectSection
EndProject
Project("{8BC9CEB8-8B4A-11D0-8D11-00A0C91BC942}") = "App_BasicDemoCustomOpenGL2", "App_BasicDemoCustomOpenGL2.vcxproj", "{F515F8A1-E1F2-6E49-B232-233CAF4F6F0A}"
	ProjectSection(ProjectDependencies) = postProject
		{6442FE5F-750F-C04D-9761-658B74B089DE} = {6442FE5F-750F-C04D-9761-658B74B089DE}
		{C7F997E5-CACA-B94C-BFE3-55321126AB1E} = {C7F997E5-CACA-B94C-BFE3-55321126AB1E}
		{598D9FC6-3220-1D46-B1AA-BD6E6A94815B} = {598D9FC6-3220-1D46-B1AA-BD6E6A94815B}
		{CB097CEA-6BB3-8448-B15E-896AF4B46417} = {CB097CEA-6BB3-8448-B15E-896AF4B46417}
	EndProjectSection
EndProject
Project("{8BC9CEB8-8B4A-11D0-8D11-00A0C91BC942}") = "OpenGL_Window", "OpenGL_Window.vcxproj", "{6442FE5F-750F-C04D-9761-658B74B089DE}"
EndProject
Project("{8BC9CEB8-8B4A-11D0-8D11-00A0C91BC942}") = "Bullet3AppSupport", "Bullet3AppSupport.vcxproj", "{5718DABA-EA36-BC40-91D6-A05A803AF09E}"
EndProject
Project("{8BC9CEB8-8B4A-11D0-8D11-00A0C91BC942}") = "App_SimpleOpenGL3", "App_SimpleOpenGL3.vcxproj", "{50623CC3-DF71-B341-9B77-56F5A5149128}"
	ProjectSection(ProjectDependencies) = postProject
		{6442FE5F-750F-C04D-9761-658B74B089DE} = {6442FE5F-750F-C04D-9761-658B74B089DE}
		{F799D61A-A13E-8E41-BDE8-4AA378FE32C3} = {F799D61A-A13E-8E41-BDE8-4AA378FE32C3}
	EndProjectSection
EndProject
Project("{8BC9CEB8-8B4A-11D0-8D11-00A0C91BC942}") = "urdf_test", "urdf_test.vcxproj", "{2A620414-1FE2-5644-A12D-C7ADFD0AB652}"
EndProject
Project("{8BC9CEB8-8B4A-11D0-8D11-00A0C91BC942}") = "lua-5.2.3", "lua-5.2.3.vcxproj", "{65247A4F-C7FC-B841-9D56-A4524199A87A}"
EndProject
Project("{8BC9CEB8-8B4A-11D0-8D11-00A0C91BC942}") = "App_LuaCompiler", "App_LuaCompiler.vcxproj", "{E4D0D400-8CCA-EB4C-878A-50EDEC67B847}"
	ProjectSection(ProjectDependencies) = postProject
		{65247A4F-C7FC-B841-9D56-A4524199A87A} = {65247A4F-C7FC-B841-9D56-A4524199A87A}
	EndProjectSection
EndProject
Project("{8BC9CEB8-8B4A-11D0-8D11-00A0C91BC942}") = "App_LuaStandalone", "App_LuaStandalone.vcxproj", "{0DB04116-3D65-3C40-8A24-601306871599}"
	ProjectSection(ProjectDependencies) = postProject
		{65247A4F-C7FC-B841-9D56-A4524199A87A} = {65247A4F-C7FC-B841-9D56-A4524199A87A}
	EndProjectSection
EndProject
Project("{8BC9CEB8-8B4A-11D0-8D11-00A0C91BC942}") = "Test_Lua", "Test_Lua.vcxproj", "{E2DE68F8-35BF-B141-BFC6-AC03D4B4C765}"
	ProjectSection(ProjectDependencies) = postProject
		{65247A4F-C7FC-B841-9D56-A4524199A87A} = {65247A4F-C7FC-B841-9D56-A4524199A87A}
	EndProjectSection
EndProject
Project("{8BC9CEB8-8B4A-11D0-8D11-00A0C91BC942}") = "gwen", "gwen.vcxproj", "{9BB25562-42C9-B74B-A27B-4E32C9B61B85}"
EndProject
Project("{8BC9CEB8-8B4A-11D0-8D11-00A0C91BC942}") = "Test_Gwen_OpenGL", "Test_Gwen_OpenGL.vcxproj", "{551325DA-688B-6146-A8CB-92DFC378E0E3}"
	ProjectSection(ProjectDependencies) = postProject
		{9BB25562-42C9-B74B-A27B-4E32C9B61B85} = {9BB25562-42C9-B74B-A27B-4E32C9B61B85}
	EndProjectSection
EndProject
Project("{8BC9CEB8-8B4A-11D0-8D11-00A0C91BC942}") = "Test_OpenCL_kernel_launch_clew", "Test_OpenCL_kernel_launch_clew.vcxproj", "{EA36FB8E-303A-7549-9806-C0D90EA9F158}"
EndProject
Project("{8BC9CEB8-8B4A-11D0-8D11-00A0C91BC942}") = "Test_OpenCL_Primitives_clew", "Test_OpenCL_Primitives_clew.vcxproj", "{DB3C5E93-4D31-5E43-BBFC-442F35BBF1D4}"
EndProject
Project("{8BC9CEB8-8B4A-11D0-8D11-00A0C91BC942}") = "Test_OpenCL_RadixSortBenchmark_clew", "Test_OpenCL_RadixSortBenchmark_clew.vcxproj", "{5CAACC8F-C1BB-1E4E-A922-7BF6191BC595}"
EndProject
Project("{8BC9CEB8-8B4A-11D0-8D11-00A0C91BC942}") = "BulletSoftBody", "BulletSoftBody.vcxproj", "{56FC59FA-8E47-124B-93C3-421312F3C805}"
EndProject
Project("{8BC9CEB8-8B4A-11D0-8D11-00A0C91BC942}") = "BulletDynamics", "BulletDynamics.vcxproj", "{C7F997E5-CACA-B94C-BFE3-55321126AB1E}"
EndProject
Project("{8BC9CEB8-8B4A-11D0-8D11-00A0C91BC942}") = "BulletCollision", "BulletCollision.vcxproj", "{598D9FC6-3220-1D46-B1AA-BD6E6A94815B}"
EndProject
Project("{8BC9CEB8-8B4A-11D0-8D11-00A0C91BC942}") = "LinearMath", "LinearMath.vcxproj", "{CB097CEA-6BB3-8448-B15E-896AF4B46417}"
EndProject
Project("{8BC9CEB8-8B4A-11D0-8D11-00A0C91BC942}") = "Bullet3Dynamics", "Bullet3Dynamics.vcxproj", "{DC92164C-0BA6-DD4D-B443-D15308C1C637}"
EndProject
Project("{8BC9CEB8-8B4A-11D0-8D11-00A0C91BC942}") = "Bullet3Common", "Bullet3Common.vcxproj", "{F799D61A-A13E-8E41-BDE8-4AA378FE32C3}"
EndProject
Project("{8BC9CEB8-8B4A-11D0-8D11-00A0C91BC942}") = "Bullet3Geometry", "Bullet3Geometry.vcxproj", "{872A6CA7-E6C8-6A43-A840-3B791334312E}"
EndProject
Project("{8BC9CEB8-8B4A-11D0-8D11-00A0C91BC942}") = "Bullet3Collision", "Bullet3Collision.vcxproj", "{EE29CFB8-3099-5E4D-967E-27569385F2CB}"
EndProject
Project("{8BC9CEB8-8B4A-11D0-8D11-00A0C91BC942}") = "Bullet2FileLoader", "Bullet2FileLoader.vcxproj", "{0B229098-4DA1-A946-905F-A3A35F9CB8A2}"
EndProject
Project("{8BC9CEB8-8B4A-11D0-8D11-00A0C91BC942}") = "Bullet3OpenCL_clew", "Bullet3OpenCL_clew.vcxproj", "{50326626-A99F-6143-AF12-FB3A7B7B45E2}"
EndProject
Global
	GlobalSection(SolutionConfigurationPlatforms) = preSolution
		Release|Win32 = Release|Win32
		Release|x64 = Release|x64
		Debug|Win32 = Debug|Win32
		Debug|x64 = Debug|x64
	EndGlobalSection
	GlobalSection(ProjectConfigurationPlatforms) = postSolution
		{FC4BBE98-55B2-1C45-8350-C2B4AF963C05}.Release|Win32.ActiveCfg = Release|Win32
		{FC4BBE98-55B2-1C45-8350-C2B4AF963C05}.Release|Win32.Build.0 = Release|Win32
		{FC4BBE98-55B2-1C45-8350-C2B4AF963C05}.Release|x64.ActiveCfg = Release|x64
		{FC4BBE98-55B2-1C45-8350-C2B4AF963C05}.Release|x64.Build.0 = Release|x64
		{FC4BBE98-55B2-1C45-8350-C2B4AF963C05}.Debug|Win32.ActiveCfg = Debug|Win32
		{FC4BBE98-55B2-1C45-8350-C2B4AF963C05}.Debug|Win32.Build.0 = Debug|Win32
		{FC4BBE98-55B2-1C45-8350-C2B4AF963C05}.Debug|x64.ActiveCfg = Debug|x64
		{FC4BBE98-55B2-1C45-8350-C2B4AF963C05}.Debug|x64.Build.0 = Debug|x64
		{146208F3-77ED-BC46-9A0E-7D38214541B5}.Release|Win32.ActiveCfg = Release|Win32
		{146208F3-77ED-BC46-9A0E-7D38214541B5}.Release|Win32.Build.0 = Release|Win32
		{146208F3-77ED-BC46-9A0E-7D38214541B5}.Release|x64.ActiveCfg = Release|x64
		{146208F3-77ED-BC46-9A0E-7D38214541B5}.Release|x64.Build.0 = Release|x64
		{146208F3-77ED-BC46-9A0E-7D38214541B5}.Debug|Win32.ActiveCfg = Debug|Win32
		{146208F3-77ED-BC46-9A0E-7D38214541B5}.Debug|Win32.Build.0 = Debug|Win32
		{146208F3-77ED-BC46-9A0E-7D38214541B5}.Debug|x64.ActiveCfg = Debug|x64
		{146208F3-77ED-BC46-9A0E-7D38214541B5}.Debug|x64.Build.0 = Debug|x64
		{07D71A38-9C9A-A741-BDAA-AC523FAE34C0}.Release|Win32.ActiveCfg = Release|Win32
		{07D71A38-9C9A-A741-BDAA-AC523FAE34C0}.Release|Win32.Build.0 = Release|Win32
		{07D71A38-9C9A-A741-BDAA-AC523FAE34C0}.Release|x64.ActiveCfg = Release|x64
		{07D71A38-9C9A-A741-BDAA-AC523FAE34C0}.Release|x64.Build.0 = Release|x64
		{07D71A38-9C9A-A741-BDAA-AC523FAE34C0}.Debug|Win32.ActiveCfg = Debug|Win32
		{07D71A38-9C9A-A741-BDAA-AC523FAE34C0}.Debug|Win32.Build.0 = Debug|Win32
		{07D71A38-9C9A-A741-BDAA-AC523FAE34C0}.Debug|x64.ActiveCfg = Debug|x64
		{07D71A38-9C9A-A741-BDAA-AC523FAE34C0}.Debug|x64.Build.0 = Debug|x64
		{A8D90C6C-D7F9-F649-8382-FCD288FBCF0F}.Release|Win32.ActiveCfg = Release|Win32
		{A8D90C6C-D7F9-F649-8382-FCD288FBCF0F}.Release|Win32.Build.0 = Release|Win32
		{A8D90C6C-D7F9-F649-8382-FCD288FBCF0F}.Release|x64.ActiveCfg = Release|x64
		{A8D90C6C-D7F9-F649-8382-FCD288FBCF0F}.Release|x64.Build.0 = Release|x64
		{A8D90C6C-D7F9-F649-8382-FCD288FBCF0F}.Debug|Win32.ActiveCfg = Debug|Win32
		{A8D90C6C-D7F9-F649-8382-FCD288FBCF0F}.Debug|Win32.Build.0 = Debug|Win32
		{A8D90C6C-D7F9-F649-8382-FCD288FBCF0F}.Debug|x64.ActiveCfg = Debug|x64
		{A8D90C6C-D7F9-F649-8382-FCD288FBCF0F}.Debug|x64.Build.0 = Debug|x64
		{B57D9688-FD11-0545-995A-7B22E385CE61}.Release|Win32.ActiveCfg = Release|Win32
		{B57D9688-FD11-0545-995A-7B22E385CE61}.Release|Win32.Build.0 = Release|Win32
		{B57D9688-FD11-0545-995A-7B22E385CE61}.Release|x64.ActiveCfg = Release|x64
		{B57D9688-FD11-0545-995A-7B22E385CE61}.Release|x64.Build.0 = Release|x64
		{B57D9688-FD11-0545-995A-7B22E385CE61}.Debug|Win32.ActiveCfg = Debug|Win32
		{B57D9688-FD11-0545-995A-7B22E385CE61}.Debug|Win32.Build.0 = Debug|Win32
		{B57D9688-FD11-0545-995A-7B22E385CE61}.Debug|x64.ActiveCfg = Debug|x64
		{B57D9688-FD11-0545-995A-7B22E385CE61}.Debug|x64.Build.0 = Debug|x64
		{F2670AEE-E7E5-6F4C-8FD9-B99199C4D724}.Release|Win32.ActiveCfg = Release|Win32
		{F2670AEE-E7E5-6F4C-8FD9-B99199C4D724}.Release|Win32.Build.0 = Release|Win32
		{F2670AEE-E7E5-6F4C-8FD9-B99199C4D724}.Release|x64.ActiveCfg = Release|x64
		{F2670AEE-E7E5-6F4C-8FD9-B99199C4D724}.Release|x64.Build.0 = Release|x64
		{F2670AEE-E7E5-6F4C-8FD9-B99199C4D724}.Debug|Win32.ActiveCfg = Debug|Win32
		{F2670AEE-E7E5-6F4C-8FD9-B99199C4D724}.Debug|Win32.Build.0 = Debug|Win32
		{F2670AEE-E7E5-6F4C-8FD9-B99199C4D724}.Debug|x64.ActiveCfg = Debug|x64
		{F2670AEE-E7E5-6F4C-8FD9-B99199C4D724}.Debug|x64.Build.0 = Debug|x64
		{F515F8A1-E1F2-6E49-B232-233CAF4F6F0A}.Release|Win32.ActiveCfg = Release|Win32
		{F515F8A1-E1F2-6E49-B232-233CAF4F6F0A}.Release|Win32.Build.0 = Release|Win32
		{F515F8A1-E1F2-6E49-B232-233CAF4F6F0A}.Release|x64.ActiveCfg = Release|x64
		{F515F8A1-E1F2-6E49-B232-233CAF4F6F0A}.Release|x64.Build.0 = Release|x64
		{F515F8A1-E1F2-6E49-B232-233CAF4F6F0A}.Debug|Win32.ActiveCfg = Debug|Win32
		{F515F8A1-E1F2-6E49-B232-233CAF4F6F0A}.Debug|Win32.Build.0 = Debug|Win32
		{F515F8A1-E1F2-6E49-B232-233CAF4F6F0A}.Debug|x64.ActiveCfg = Debug|x64
		{F515F8A1-E1F2-6E49-B232-233CAF4F6F0A}.Debug|x64.Build.0 = Debug|x64
		{6442FE5F-750F-C04D-9761-658B74B089DE}.Release|Win32.ActiveCfg = Release|Win32
		{6442FE5F-750F-C04D-9761-658B74B089DE}.Release|Win32.Build.0 = Release|Win32
		{6442FE5F-750F-C04D-9761-658B74B089DE}.Release|x64.ActiveCfg = Release|x64
		{6442FE5F-750F-C04D-9761-658B74B089DE}.Release|x64.Build.0 = Release|x64
		{6442FE5F-750F-C04D-9761-658B74B089DE}.Debug|Win32.ActiveCfg = Debug|Win32
		{6442FE5F-750F-C04D-9761-658B74B089DE}.Debug|Win32.Build.0 = Debug|Win32
		{6442FE5F-750F-C04D-9761-658B74B089DE}.Debug|x64.ActiveCfg = Debug|x64
		{6442FE5F-750F-C04D-9761-658B74B089DE}.Debug|x64.Build.0 = Debug|x64
		{5718DABA-EA36-BC40-91D6-A05A803AF09E}.Release|Win32.ActiveCfg = Release|Win32
		{5718DABA-EA36-BC40-91D6-A05A803AF09E}.Release|Win32.Build.0 = Release|Win32
		{5718DABA-EA36-BC40-91D6-A05A803AF09E}.Release|x64.ActiveCfg = Release|x64
		{5718DABA-EA36-BC40-91D6-A05A803AF09E}.Release|x64.Build.0 = Release|x64
		{5718DABA-EA36-BC40-91D6-A05A803AF09E}.Debug|Win32.ActiveCfg = Debug|Win32
		{5718DABA-EA36-BC40-91D6-A05A803AF09E}.Debug|Win32.Build.0 = Debug|Win32
		{5718DABA-EA36-BC40-91D6-A05A803AF09E}.Debug|x64.ActiveCfg = Debug|x64
		{5718DABA-EA36-BC40-91D6-A05A803AF09E}.Debug|x64.Build.0 = Debug|x64
		{50623CC3-DF71-B341-9B77-56F5A5149128}.Release|Win32.ActiveCfg = Release|Win32
		{50623CC3-DF71-B341-9B77-56F5A5149128}.Release|Win32.Build.0 = Release|Win32
		{50623CC3-DF71-B341-9B77-56F5A5149128}.Release|x64.ActiveCfg = Release|x64
		{50623CC3-DF71-B341-9B77-56F5A5149128}.Release|x64.Build.0 = Release|x64
		{50623CC3-DF71-B341-9B77-56F5A5149128}.Debug|Win32.ActiveCfg = Debug|Win32
		{50623CC3-DF71-B341-9B77-56F5A5149128}.Debug|Win32.Build.0 = Debug|Win32
		{50623CC3-DF71-B341-9B77-56F5A5149128}.Debug|x64.ActiveCfg = Debug|x64
		{50623CC3-DF71-B341-9B77-56F5A5149128}.Debug|x64.Build.0 = Debug|x64
		{2A620414-1FE2-5644-A12D-C7ADFD0AB652}.Release|Win32.ActiveCfg = Release|Win32
		{2A620414-1FE2-5644-A12D-C7ADFD0AB652}.Release|Win32.Build.0 = Release|Win32
		{2A620414-1FE2-5644-A12D-C7ADFD0AB652}.Release|x64.ActiveCfg = Release|x64
		{2A620414-1FE2-5644-A12D-C7ADFD0AB652}.Release|x64.Build.0 = Release|x64
		{2A620414-1FE2-5644-A12D-C7ADFD0AB652}.Debug|Win32.ActiveCfg = Debug|Win32
		{2A620414-1FE2-5644-A12D-C7ADFD0AB652}.Debug|Win32.Build.0 = Debug|Win32
		{2A620414-1FE2-5644-A12D-C7ADFD0AB652}.Debug|x64.ActiveCfg = Debug|x64
		{2A620414-1FE2-5644-A12D-C7ADFD0AB652}.Debug|x64.Build.0 = Debug|x64
		{65247A4F-C7FC-B841-9D56-A4524199A87A}.Release|Win32.ActiveCfg = Release|Win32
		{65247A4F-C7FC-B841-9D56-A4524199A87A}.Release|Win32.Build.0 = Release|Win32
		{65247A4F-C7FC-B841-9D56-A4524199A87A}.Release|x64.ActiveCfg = Release|x64
		{65247A4F-C7FC-B841-9D56-A4524199A87A}.Release|x64.Build.0 = Release|x64
		{65247A4F-C7FC-B841-9D56-A4524199A87A}.Debug|Win32.ActiveCfg = Debug|Win32
		{65247A4F-C7FC-B841-9D56-A4524199A87A}.Debug|Win32.Build.0 = Debug|Win32
		{65247A4F-C7FC-B841-9D56-A4524199A87A}.Debug|x64.ActiveCfg = Debug|x64
		{65247A4F-C7FC-B841-9D56-A4524199A87A}.Debug|x64.Build.0 = Debug|x64
		{E4D0D400-8CCA-EB4C-878A-50EDEC67B847}.Release|Win32.ActiveCfg = Release|Win32
		{E4D0D400-8CCA-EB4C-878A-50EDEC67B847}.Release|Win32.Build.0 = Release|Win32
		{E4D0D400-8CCA-EB4C-878A-50EDEC67B847}.Release|x64.ActiveCfg = Release|x64
		{E4D0D400-8CCA-EB4C-878A-50EDEC67B847}.Release|x64.Build.0 = Release|x64
		{E4D0D400-8CCA-EB4C-878A-50EDEC67B847}.Debug|Win32.ActiveCfg = Debug|Win32
		{E4D0D400-8CCA-EB4C-878A-50EDEC67B847}.Debug|Win32.Build.0 = Debug|Win32
		{E4D0D400-8CCA-EB4C-878A-50EDEC67B847}.Debug|x64.ActiveCfg = Debug|x64
		{E4D0D400-8CCA-EB4C-878A-50EDEC67B847}.Debug|x64.Build.0 = Debug|x64
		{0DB04116-3D65-3C40-8A24-601306871599}.Release|Win32.ActiveCfg = Release|Win32
		{0DB04116-3D65-3C40-8A24-601306871599}.Release|Win32.Build.0 = Release|Win32
		{0DB04116-3D65-3C40-8A24-601306871599}.Release|x64.ActiveCfg = Release|x64
		{0DB04116-3D65-3C40-8A24-601306871599}.Release|x64.Build.0 = Release|x64
		{0DB04116-3D65-3C40-8A24-601306871599}.Debug|Win32.ActiveCfg = Debug|Win32
		{0DB04116-3D65-3C40-8A24-601306871599}.Debug|Win32.Build.0 = Debug|Win32
		{0DB04116-3D65-3C40-8A24-601306871599}.Debug|x64.ActiveCfg = Debug|x64
		{0DB04116-3D65-3C40-8A24-601306871599}.Debug|x64.Build.0 = Debug|x64
		{E2DE68F8-35BF-B141-BFC6-AC03D4B4C765}.Release|Win32.ActiveCfg = Release|Win32
		{E2DE68F8-35BF-B141-BFC6-AC03D4B4C765}.Release|Win32.Build.0 = Release|Win32
		{E2DE68F8-35BF-B141-BFC6-AC03D4B4C765}.Release|x64.ActiveCfg = Release|x64
		{E2DE68F8-35BF-B141-BFC6-AC03D4B4C765}.Release|x64.Build.0 = Release|x64
		{E2DE68F8-35BF-B141-BFC6-AC03D4B4C765}.Debug|Win32.ActiveCfg = Debug|Win32
		{E2DE68F8-35BF-B141-BFC6-AC03D4B4C765}.Debug|Win32.Build.0 = Debug|Win32
		{E2DE68F8-35BF-B141-BFC6-AC03D4B4C765}.Debug|x64.ActiveCfg = Debug|x64
		{E2DE68F8-35BF-B141-BFC6-AC03D4B4C765}.Debug|x64.Build.0 = Debug|x64
		{9BB25562-42C9-B74B-A27B-4E32C9B61B85}.Release|Win32.ActiveCfg = Release|Win32
		{9BB25562-42C9-B74B-A27B-4E32C9B61B85}.Release|Win32.Build.0 = Release|Win32
		{9BB25562-42C9-B74B-A27B-4E32C9B61B85}.Release|x64.ActiveCfg = Release|x64
		{9BB25562-42C9-B74B-A27B-4E32C9B61B85}.Release|x64.Build.0 = Release|x64
		{9BB25562-42C9-B74B-A27B-4E32C9B61B85}.Debug|Win32.ActiveCfg = Debug|Win32
		{9BB25562-42C9-B74B-A27B-4E32C9B61B85}.Debug|Win32.Build.0 = Debug|Win32
		{9BB25562-42C9-B74B-A27B-4E32C9B61B85}.Debug|x64.ActiveCfg = Debug|x64
		{9BB25562-42C9-B74B-A27B-4E32C9B61B85}.Debug|x64.Build.0 = Debug|x64
		{551325DA-688B-6146-A8CB-92DFC378E0E3}.Release|Win32.ActiveCfg = Release|Win32
		{551325DA-688B-6146-A8CB-92DFC378E0E3}.Release|Win32.Build.0 = Release|Win32
		{551325DA-688B-6146-A8CB-92DFC378E0E3}.Release|x64.ActiveCfg = Release|x64
		{551325DA-688B-6146-A8CB-92DFC378E0E3}.Release|x64.Build.0 = Release|x64
		{551325DA-688B-6146-A8CB-92DFC378E0E3}.Debug|Win32.ActiveCfg = Debug|Win32
		{551325DA-688B-6146-A8CB-92DFC378E0E3}.Debug|Win32.Build.0 = Debug|Win32
		{551325DA-688B-6146-A8CB-92DFC378E0E3}.Debug|x64.ActiveCfg = Debug|x64
		{551325DA-688B-6146-A8CB-92DFC378E0E3}.Debug|x64.Build.0 = Debug|x64
		{EA36FB8E-303A-7549-9806-C0D90EA9F158}.Release|Win32.ActiveCfg = Release|Win32
		{EA36FB8E-303A-7549-9806-C0D90EA9F158}.Release|Win32.Build.0 = Release|Win32
		{EA36FB8E-303A-7549-9806-C0D90EA9F158}.Release|x64.ActiveCfg = Release|x64
		{EA36FB8E-303A-7549-9806-C0D90EA9F158}.Release|x64.Build.0 = Release|x64
		{EA36FB8E-303A-7549-9806-C0D90EA9F158}.Debug|Win32.ActiveCfg = Debug|Win32
		{EA36FB8E-303A-7549-9806-C0D90EA9F158}.Debug|Win32.Build.0 = Debug|Win32
		{EA36FB8E-303A-7549-9806-C0D90EA9F158}.Debug|x64.ActiveCfg = Debug|x64
		{EA36FB8E-303A-7549-9806-C0D90EA9F158}.Debug|x64.Build.0 = Debug|x64
		{DB3C5E93-4D31-5E43-BBFC-442F35BBF1D4}.Release|Win32.ActiveCfg = Release|Win32
		{DB3C5E93-4D31-5E43-BBFC-442F35BBF1D4}.Release|Win32.Build.0 = Release|Win32
		{DB3C5E93-4D31-5E43-BBFC-442F35BBF1D4}.Release|x64.ActiveCfg = Release|x64
		{DB3C5E93-4D31-5E43-BBFC-442F35BBF1D4}.Release|x64.Build.0 = Release|x64
		{DB3C5E93-4D31-5E43-BBFC-442F35BBF1D4}.Debug|Win32.ActiveCfg = Debug|Win32
		{DB3C5E93-4D31-5E43-BBFC-442F35BBF1D4}.Debug|Win32.Build.0 = Debug|Win32
		{DB3C5E93-4D31-5E43-BBFC-442F35BBF1D4}.Debug|x64.ActiveCfg = Debug|x64
		{DB3C5E93-4D31-5E43-BBFC-442F35BBF1D4}.Debug|x64.Build.0 = Debug|x64
		{5CAACC8F-C1BB-1E4E-A922-7BF6191BC595}.Release|Win32.ActiveCfg = Release|Win32
		{5CAACC8F-C1BB-1E4E-A922-7BF6191BC595}.Release|Win32.Build.0 = Release|Win32
		{5CAACC8F-C1BB-1E4E-A922-7BF6191BC595}.Release|x64.ActiveCfg = Release|x64
		{5CAACC8F-C1BB-1E4E-A922-7BF6191BC595}.Release|x64.Build.0 = Release|x64
		{5CAACC8F-C1BB-1E4E-A922-7BF6191BC595}.Debug|Win32.ActiveCfg = Debug|Win32
		{5CAACC8F-C1BB-1E4E-A922-7BF6191BC595}.Debug|Win32.Build.0 = Debug|Win32
		{5CAACC8F-C1BB-1E4E-A922-7BF6191BC595}.Debug|x64.ActiveCfg = Debug|x64
		{5CAACC8F-C1BB-1E4E-A922-7BF6191BC595}.Debug|x64.Build.0 = Debug|x64
		{56FC59FA-8E47-124B-93C3-421312F3C805}.Release|Win32.ActiveCfg = Release|Win32
		{56FC59FA-8E47-124B-93C3-421312F3C805}.Release|Win32.Build.0 = Release|Win32
		{56FC59FA-8E47-124B-93C3-421312F3C805}.Release|x64.ActiveCfg = Release|x64
		{56FC59FA-8E47-124B-93C3-421312F3C805}.Release|x64.Build.0 = Release|x64
		{56FC59FA-8E47-124B-93C3-421312F3C805}.Debug|Win32.ActiveCfg = Debug|Win32
		{56FC59FA-8E47-124B-93C3-421312F3C805}.Debug|Win32.Build.0 = Debug|Win32
		{56FC59FA-8E47-124B-93C3-421312F3C805}.Debug|x64.ActiveCfg = Debug|x64
		{56FC59FA-8E47-124B-93C3-421312F3C805}.Debug|x64.Build.0 = Debug|x64
		{C7F997E5-CACA-B94C-BFE3-55321126AB1E}.Release|Win32.ActiveCfg = Release|Win32
		{C7F997E5-CACA-B94C-BFE3-55321126AB1E}.Release|Win32.Build.0 = Release|Win32
		{C7F997E5-CACA-B94C-BFE3-55321126AB1E}.Release|x64.ActiveCfg = Release|x64
		{C7F997E5-CACA-B94C-BFE3-55321126AB1E}.Release|x64.Build.0 = Release|x64
		{C7F997E5-CACA-B94C-BFE3-55321126AB1E}.Debug|Win32.ActiveCfg = Debug|Win32
		{C7F997E5-CACA-B94C-BFE3-55321126AB1E}.Debug|Win32.Build.0 = Debug|Win32
		{C7F997E5-CACA-B94C-BFE3-55321126AB1E}.Debug|x64.ActiveCfg = Debug|x64
		{C7F997E5-CACA-B94C-BFE3-55321126AB1E}.Debug|x64.Build.0 = Debug|x64
		{598D9FC6-3220-1D46-B1AA-BD6E6A94815B}.Release|Win32.ActiveCfg = Release|Win32
		{598D9FC6-3220-1D46-B1AA-BD6E6A94815B}.Release|Win32.Build.0 = Release|Win32
		{598D9FC6-3220-1D46-B1AA-BD6E6A94815B}.Release|x64.ActiveCfg = Release|x64
		{598D9FC6-3220-1D46-B1AA-BD6E6A94815B}.Release|x64.Build.0 = Release|x64
		{598D9FC6-3220-1D46-B1AA-BD6E6A94815B}.Debug|Win32.ActiveCfg = Debug|Win32
		{598D9FC6-3220-1D46-B1AA-BD6E6A94815B}.Debug|Win32.Build.0 = Debug|Win32
		{598D9FC6-3220-1D46-B1AA-BD6E6A94815B}.Debug|x64.ActiveCfg = Debug|x64
		{598D9FC6-3220-1D46-B1AA-BD6E6A94815B}.Debug|x64.Build.0 = Debug|x64
		{CB097CEA-6BB3-8448-B15E-896AF4B46417}.Release|Win32.ActiveCfg = Release|Win32
		{CB097CEA-6BB3-8448-B15E-896AF4B46417}.Release|Win32.Build.0 = Release|Win32
		{CB097CEA-6BB3-8448-B15E-896AF4B46417}.Release|x64.ActiveCfg = Release|x64
		{CB097CEA-6BB3-8448-B15E-896AF4B46417}.Release|x64.Build.0 = Release|x64
		{CB097CEA-6BB3-8448-B15E-896AF4B46417}.Debug|Win32.ActiveCfg = Debug|Win32
		{CB097CEA-6BB3-8448-B15E-896AF4B46417}.Debug|Win32.Build.0 = Debug|Win32
		{CB097CEA-6BB3-8448-B15E-896AF4B46417}.Debug|x64.ActiveCfg = Debug|x64
		{CB097CEA-6BB3-8448-B15E-896AF4B46417}.Debug|x64.Build.0 = Debug|x64
		{DC92164C-0BA6-DD4D-B443-D15308C1C637}.Release|Win32.ActiveCfg = Release|Win32
		{DC92164C-0BA6-DD4D-B443-D15308C1C637}.Release|Win32.Build.0 = Release|Win32
		{DC92164C-0BA6-DD4D-B443-D15308C1C637}.Release|x64.ActiveCfg = Release|x64
		{DC92164C-0BA6-DD4D-B443-D15308C1C637}.Release|x64.Build.0 = Release|x64
		{DC92164C-0BA6-DD4D-B443-D15308C1C637}.Debug|Win32.ActiveCfg = Debug|Win32
		{DC92164C-0BA6-DD4D-B443-D15308C1C637}.Debug|Win32.Build.0 = Debug|Win32
		{DC92164C-0BA6-DD4D-B443-D15308C1C637}.Debug|x64.ActiveCfg = Debug|x64
		{DC92164C-0BA6-DD4D-B443-D15308C1C637}.Debug|x64.Build.0 = Debug|x64
		{F799D61A-A13E-8E41-BDE8-4AA378FE32C3}.Release|Win32.ActiveCfg = Release|Win32
		{F799D61A-A13E-8E41-BDE8-4AA378FE32C3}.Release|Win32.Build.0 = Release|Win32
		{F799D61A-A13E-8E41-BDE8-4AA378FE32C3}.Release|x64.ActiveCfg = Release|x64
		{F799D61A-A13E-8E41-BDE8-4AA378FE32C3}.Release|x64.Build.0 = Release|x64
		{F799D61A-A13E-8E41-BDE8-4AA378FE32C3}.Debug|Win32.ActiveCfg = Debug|Win32
		{F799D61A-A13E-8E41-BDE8-4AA378FE32C3}.Debug|Win32.Build.0 = Debug|Win32
		{F799D61A-A13E-8E41-BDE8-4AA378FE32C3}.Debug|x64.ActiveCfg = Debug|x64
		{F799D61A-A13E-8E41-BDE8-4AA378FE32C3}.Debug|x64.Build.0 = Debug|x64
		{872A6CA7-E6C8-6A43-A840-3B791334312E}.Release|Win32.ActiveCfg = Release|Win32
		{872A6CA7-E6C8-6A43-A840-3B791334312E}.Release|Win32.Build.0 = Release|Win32
		{872A6CA7-E6C8-6A43-A840-3B791334312E}.Release|x64.ActiveCfg = Release|x64
		{872A6CA7-E6C8-6A43-A840-3B791334312E}.Release|x64.Build.0 = Release|x64
		{872A6CA7-E6C8-6A43-A840-3B791334312E}.Debug|Win32.ActiveCfg = Debug|Win32
		{872A6CA7-E6C8-6A43-A840-3B791334312E}.Debug|Win32.Build.0 = Debug|Win32
		{872A6CA7-E6C8-6A43-A840-3B791334312E}.Debug|x64.ActiveCfg = Debug|x64
		{872A6CA7-E6C8-6A43-A840-3B791334312E}.Debug|x64.Build.0 = Debug|x64
		{EE29CFB8-3099-5E4D-967E-27569385F2CB}.Release|Win32.ActiveCfg = Release|Win32
		{EE29CFB8-3099-5E4D-967E-27569385F2CB}.Release|Win32.Build.0 = Release|Win32
		{EE29CFB8-3099-5E4D-967E-27569385F2CB}.Release|x64.ActiveCfg = Release|x64
		{EE29CFB8-3099-5E4D-967E-27569385F2CB}.Release|x64.Build.0 = Release|x64
		{EE29CFB8-3099-5E4D-967E-27569385F2CB}.Debug|Win32.ActiveCfg = Debug|Win32
		{EE29CFB8-3099-5E4D-967E-27569385F2CB}.Debug|Win32.Build.0 = Debug|Win32
		{EE29CFB8-3099-5E4D-967E-27569385F2CB}.Debug|x64.ActiveCfg = Debug|x64
		{EE29CFB8-3099-5E4D-967E-27569385F2CB}.Debug|x64.Build.0 = Debug|x64
		{0B229098-4DA1-A946-905F-A3A35F9CB8A2}.Release|Win32.ActiveCfg = Release|Win32
		{0B229098-4DA1-A946-905F-A3A35F9CB8A2}.Release|Win32.Build.0 = Release|Win32
		{0B229098-4DA1-A946-905F-A3A35F9CB8A2}.Release|x64.ActiveCfg = Release|x64
		{0B229098-4DA1-A946-905F-A3A35F9CB8A2}.Release|x64.Build.0 = Release|x64
		{0B229098-4DA1-A946-905F-A3A35F9CB8A2}.Debug|Win32.ActiveCfg = Debug|Win32
		{0B229098-4DA1-A946-905F-A3A35F9CB8A2}.Debug|Win32.Build.0 = Debug|Win32
		{0B229098-4DA1-A946-905F-A3A35F9CB8A2}.Debug|x64.ActiveCfg = Debug|x64
		{0B229098-4DA1-A946-905F-A3A35F9CB8A2}.Debug|x64.Build.0 = Debug|x64
		{50326626-A99F-6143-AF12-FB3A7B7B45E2}.Release|Win32.ActiveCfg = Release|Win32
		{50326626-A99F-6143-AF12-FB3A7B7B45E2}.Release|Win32.Build.0 = Release|Win32
		{50326626-A99F-6143-AF12-FB3A7B7B45E2}.Release|x64.ActiveCfg = Release|x64
		{50326626-A99F-6143-AF12-FB3A7B7B45E2}.Release|x64.Build.0 = Release|x64
		{50326626-A99F-6143-AF12-FB3A7B7B45E2}.Debug|Win32.ActiveCfg = Debug|Win32
		{50326626-A99F-6143-AF12-FB3A7B7B45E2}.Debug|Win32.Build.0 = Debug|Win32
		{50326626-A99F-6143-AF12-FB3A7B7B45E2}.Debug|x64.ActiveCfg = Debug|x64
		{50326626-A99F-6143-AF12-FB3A7B7B45E2}.Debug|x64.Build.0 = Debug|x64
	EndGlobalSection
	GlobalSection(SolutionProperties) = preSolution
		HideSolutionNode = FALSE
	EndGlobalSection
EndGlobal
