<?xml version="1.0" encoding="utf-8"?>
<Project ToolsVersion="4.0" xmlns="http://schemas.microsoft.com/developer/msbuild/2003">
  <ItemGroup>
    <Filter Include="btgui">
      <UniqueIdentifier>{45123AC1-70AD-2441-8CCA-7927A833B099}</UniqueIdentifier>
    </Filter>
    <Filter Include="btgui\OpenGLWindow">
      <UniqueIdentifier>{B1986BE2-22A5-2148-BD4F-BBBA44030D2F}</UniqueIdentifier>
    </Filter>
    <Filter Include="btgui\OpenGLWindow\GlewWindows">
      <UniqueIdentifier>{7579E371-BE12-9849-943E-9130F18A75D7}</UniqueIdentifier>
    </Filter>
    <Filter Include="Demos3">
      <UniqueIdentifier>{2FAA284A-685D-C442-9E4D-8CB3B5411575}</UniqueIdentifier>
    </Filter>
    <Filter Include="Demos3\AllBullet2Demos">
      <UniqueIdentifier>{2C08D7B5-EF3B-2644-8D21-41E6838086A4}</UniqueIdentifier>
    </Filter>
    <Filter Include="Demos3\bullet2">
      <UniqueIdentifier>{11002436-8069-0D4D-8837-05514ADF1DC4}</UniqueIdentifier>
    </Filter>
    <Filter Include="Demos3\bullet2\LuaDemo">
      <UniqueIdentifier>{2609248E-9A17-5140-A96E-F242AC24C328}</UniqueIdentifier>
    </Filter>
    <Filter Include="Demos3\bullet2\MultiBodyDemo">
      <UniqueIdentifier>{64CDD4C2-462E-4747-9FE1-C80704FBE38F}</UniqueIdentifier>
    </Filter>
    <Filter Include="Demos3\bullet2\CoordinateFrameDemo">
      <UniqueIdentifier>{7B98D54E-52A8-FA4B-89EE-C4920DDC7824}</UniqueIdentifier>
    </Filter>
    <Filter Include="Demos3\FiniteElementMethod">
      <UniqueIdentifier>{8047062E-695D-D14E-9848-F302AFE8E39A}</UniqueIdentifier>
    </Filter>
    <Filter Include="Demos">
      <UniqueIdentifier>{1F3C6A31-55D8-4140-95E0-0D4049031ACD}</UniqueIdentifier>
    </Filter>
    <Filter Include="Demos\BasicDemo">
      <UniqueIdentifier>{10B74504-995E-934B-B90F-851D544BC84B}</UniqueIdentifier>
    </Filter>
    <Filter Include="Demos\CcdPhysicsDemo">
      <UniqueIdentifier>{46AB3E9D-7233-FB4D-AC9B-23B494E1E182}</UniqueIdentifier>
    </Filter>
    <Filter Include="Demos\Raytracer">
      <UniqueIdentifier>{B2A76128-ADB4-0843-A778-E78BDCEC8DE1}</UniqueIdentifier>
    </Filter>
    <Filter Include="Demos\SerializeDemo">
      <UniqueIdentifier>{3415E4AB-4A18-614A-B7FB-7E166E68C869}</UniqueIdentifier>
    </Filter>
    <Filter Include="Extras">
      <UniqueIdentifier>{30FE3FA1-B64D-7742-95ED-7E7E54DDAA0E}</UniqueIdentifier>
    </Filter>
    <Filter Include="Extras\Serialize">
      <UniqueIdentifier>{AB2F2F8A-A104-2A48-A996-36FF5261E6D1}</UniqueIdentifier>
    </Filter>
    <Filter Include="Extras\Serialize\BulletFileLoader">
      <UniqueIdentifier>{AE87EB5C-7894-934E-B1CF-525B980779A0}</UniqueIdentifier>
    </Filter>
    <Filter Include="Extras\Serialize\BulletWorldImporter">
      <UniqueIdentifier>{7B863C3E-F09C-0F45-B395-FE350E1D6843}</UniqueIdentifier>
    </Filter>
    <Filter Include="Demos3\bullet2\ConstraintDemo">
      <UniqueIdentifier>{0685D9CE-9DDA-9B4B-9593-1095792AB79E}</UniqueIdentifier>
    </Filter>
    <Filter Include="Demos3\ImportColladaDemo">
      <UniqueIdentifier>{9842251C-A5C1-7C45-94BB-F199CED83EA2}</UniqueIdentifier>
    </Filter>
    <Filter Include="Demos3\ImportURDFDemo">
      <UniqueIdentifier>{A5AF89CE-F872-5C42-9423-07F539EC16B7}</UniqueIdentifier>
    </Filter>
    <Filter Include="Demos3\ImportObjDemo">
      <UniqueIdentifier>{C7F821A7-BA01-FC41-939F-DF4E0D8B8EC0}</UniqueIdentifier>
    </Filter>
    <Filter Include="Demos3\ImportSTLDemo">
      <UniqueIdentifier>{7F9BF358-ED0A-F645-84C2-A3C57BF64BB3}</UniqueIdentifier>
    </Filter>
    <Filter Include="Demos3\Wavefront">
      <UniqueIdentifier>{16AD5E83-1272-A949-BAE8-92A02B620F24}</UniqueIdentifier>
    </Filter>
    <Filter Include="btgui\urdf">
      <UniqueIdentifier>{06219552-F0C1-0347-B24E-FB47488E4A01}</UniqueIdentifier>
    </Filter>
    <Filter Include="btgui\urdf\urdfdom">
      <UniqueIdentifier>{8A8D7F7C-16D8-A54D-9078-C345E2028079}</UniqueIdentifier>
    </Filter>
    <Filter Include="btgui\urdf\urdfdom\urdf_parser">
      <UniqueIdentifier>{F063D695-E8AB-5F4B-B374-4995CDBCE4F4}</UniqueIdentifier>
    </Filter>
    <Filter Include="btgui\urdf\urdfdom\urdf_parser\src">
      <UniqueIdentifier>{74C1990B-4D78-5F45-A969-0137DBFEAB0F}</UniqueIdentifier>
    </Filter>
    <Filter Include="btgui\urdf\urdfdom\urdf_parser\include">
      <UniqueIdentifier>{872737A3-BC57-8643-B557-A9FDC0A9F2E8}</UniqueIdentifier>
    </Filter>
    <Filter Include="btgui\urdf\urdfdom\urdf_parser\include\urdf_parser">
      <UniqueIdentifier>{FA79027E-0CBD-3641-B97B-F537C204B2F8}</UniqueIdentifier>
    </Filter>
    <Filter Include="btgui\urdf\urdfdom_headers">
      <UniqueIdentifier>{DA495A91-AA13-AD44-B75A-4F6526741EF2}</UniqueIdentifier>
    </Filter>
    <Filter Include="btgui\urdf\urdfdom_headers\urdf_exception">
      <UniqueIdentifier>{25BFD12F-7C27-C54E-9EFA-CB7F6FDA28B3}</UniqueIdentifier>
    </Filter>
    <Filter Include="btgui\urdf\urdfdom_headers\urdf_exception\include">
      <UniqueIdentifier>{3668AD17-DDA0-3C43-AC0B-CC173A851B2C}</UniqueIdentifier>
    </Filter>
    <Filter Include="btgui\urdf\urdfdom_headers\urdf_exception\include\urdf_exception">
      <UniqueIdentifier>{8AA30E92-8780-9448-9272-7C860D358DD6}</UniqueIdentifier>
    </Filter>
    <Filter Include="btgui\urdf\urdfdom_headers\urdf_model">
      <UniqueIdentifier>{04926433-5C80-6C4E-8EB7-B49DBF462B62}</UniqueIdentifier>
    </Filter>
    <Filter Include="btgui\urdf\urdfdom_headers\urdf_model\include">
      <UniqueIdentifier>{5FAC077B-0BC1-E34F-8BFA-DC6BB2515E80}</UniqueIdentifier>
    </Filter>
    <Filter Include="btgui\urdf\urdfdom_headers\urdf_model\include\urdf_model">
      <UniqueIdentifier>{74F2AE6A-DD94-AF49-9108-54B4C450CBDB}</UniqueIdentifier>
    </Filter>
    <Filter Include="btgui\tinyxml">
      <UniqueIdentifier>{F3A43DDF-BA31-7047-ACD0-CF5D6FBE1262}</UniqueIdentifier>
    </Filter>
    <Filter Include="btgui\urdf\boost_replacement">
      <UniqueIdentifier>{5CA47399-6990-3341-9EBE-EB8B70D70DAC}</UniqueIdentifier>
    </Filter>
    <Filter Include="Demos3\bullet2\FeatherstoneMultiBodyDemo">
      <UniqueIdentifier>{D99E0F43-5F2A-5A4A-A76B-91BDCB68C9A5}</UniqueIdentifier>
    </Filter>
    <Filter Include="Demos3\bullet2\BasicDemo">
      <UniqueIdentifier>{DA1C71C7-B844-7246-93C3-8A734BC651E0}</UniqueIdentifier>
    </Filter>
  </ItemGroup>
  <ItemGroup>
    <ClInclude Include="..\..\Demos3\AllBullet2Demos\BulletDemoEntries.h">
      <Filter>Demos3\AllBullet2Demos</Filter>
    </ClInclude>
    <ClInclude Include="..\..\Demos3\bullet2\LuaDemo\LuaPhysicsSetup.h">
      <Filter>Demos3\bullet2\LuaDemo</Filter>
    </ClInclude>
    <ClInclude Include="..\..\Demos3\bullet2\MultiBodyDemo\TestJointTorqueSetup.h">
      <Filter>Demos3\bullet2\MultiBodyDemo</Filter>
    </ClInclude>
    <ClInclude Include="..\..\Demos3\bullet2\MultiBodyDemo\MultiBodyVehicle.h">
      <Filter>Demos3\bullet2\MultiBodyDemo</Filter>
    </ClInclude>
    <ClInclude Include="..\..\Demos3\bullet2\CoordinateFrameDemo\CoordinateFrameDemoPhysicsSetup.h">
      <Filter>Demos3\bullet2\CoordinateFrameDemo</Filter>
    </ClInclude>
    <ClInclude Include="..\..\Demos\BasicDemo\BasicDemoPhysicsSetup.h">
      <Filter>Demos\BasicDemo</Filter>
    </ClInclude>
    <ClInclude Include="..\..\Demos\CcdPhysicsDemo\CcdPhysicsSetup.h">
      <Filter>Demos\CcdPhysicsDemo</Filter>
    </ClInclude>
    <ClInclude Include="..\..\Demos\Raytracer\RaytracerSetup.h">
      <Filter>Demos\Raytracer</Filter>
    </ClInclude>
    <ClInclude Include="..\..\Demos3\bullet2\ConstraintDemo\ConstraintPhysicsSetup.h">
      <Filter>Demos3\bullet2\ConstraintDemo</Filter>
    </ClInclude>
    <ClInclude Include="..\..\Demos3\ImportObjDemo\LoadMeshFromObj.h">
      <Filter>Demos3\ImportObjDemo</Filter>
    </ClInclude>
    <ClInclude Include="..\..\Demos3\Wavefront\tiny_obj_loader.h">
      <Filter>Demos3\Wavefront</Filter>
    </ClInclude>
    <ClInclude Include="..\..\btgui\urdf\urdfdom\urdf_parser\include\urdf_parser\urdf_parser.h">
      <Filter>btgui\urdf\urdfdom\urdf_parser\include\urdf_parser</Filter>
    </ClInclude>
    <ClInclude Include="..\..\btgui\urdf\urdfdom_headers\urdf_exception\include\urdf_exception\exception.h">
      <Filter>btgui\urdf\urdfdom_headers\urdf_exception\include\urdf_exception</Filter>
    </ClInclude>
    <ClInclude Include="..\..\btgui\urdf\urdfdom_headers\urdf_model\include\urdf_model\pose.h">
      <Filter>btgui\urdf\urdfdom_headers\urdf_model\include\urdf_model</Filter>
    </ClInclude>
    <ClInclude Include="..\..\btgui\urdf\urdfdom_headers\urdf_model\include\urdf_model\model.h">
      <Filter>btgui\urdf\urdfdom_headers\urdf_model\include\urdf_model</Filter>
    </ClInclude>
    <ClInclude Include="..\..\btgui\urdf\urdfdom_headers\urdf_model\include\urdf_model\link.h">
      <Filter>btgui\urdf\urdfdom_headers\urdf_model\include\urdf_model</Filter>
    </ClInclude>
    <ClInclude Include="..\..\btgui\urdf\urdfdom_headers\urdf_model\include\urdf_model\joint.h">
      <Filter>btgui\urdf\urdfdom_headers\urdf_model\include\urdf_model</Filter>
    </ClInclude>
    <ClInclude Include="..\..\btgui\urdf\boost_replacement\lexical_cast.h">
      <Filter>btgui\urdf\boost_replacement</Filter>
    </ClInclude>
    <ClInclude Include="..\..\btgui\urdf\boost_replacement\shared_ptr.h">
      <Filter>btgui\urdf\boost_replacement</Filter>
    </ClInclude>
    <ClInclude Include="..\..\btgui\urdf\boost_replacement\printf_console.h">
      <Filter>btgui\urdf\boost_replacement</Filter>
    </ClInclude>
    <ClInclude Include="..\..\btgui\urdf\boost_replacement\string_split.h">
      <Filter>btgui\urdf\boost_replacement</Filter>
    </ClInclude>
    <ClInclude Include="..\..\Demos3\bullet2\FeatherstoneMultiBodyDemo\BulletMultiBodyDemos.h">
      <Filter>Demos3\bullet2\FeatherstoneMultiBodyDemo</Filter>
    </ClInclude>
    <ClInclude Include="..\..\Demos3\bullet2\FeatherstoneMultiBodyDemo\MultiDofDemo.h">
      <Filter>Demos3\bullet2\FeatherstoneMultiBodyDemo</Filter>
    </ClInclude>
    <ClInclude Include="..\..\Demos3\bullet2\BasicDemo\BasicDemo.h">
      <Filter>Demos3\bullet2\BasicDemo</Filter>
    </ClInclude>
  </ItemGroup>
  <ItemGroup>
    <ClCompile Include="..\..\btgui\OpenGLWindow\GlewWindows\glew.c">
      <Filter>btgui\OpenGLWindow\GlewWindows</Filter>
    </ClCompile>
    <ClCompile Include="..\..\Demos3\AllBullet2Demos\main.cpp">
      <Filter>Demos3\AllBullet2Demos</Filter>
    </ClCompile>
    <ClCompile Include="..\..\Demos3\bullet2\LuaDemo\LuaPhysicsSetup.cpp">
      <Filter>Demos3\bullet2\LuaDemo</Filter>
    </ClCompile>
    <ClCompile Include="..\..\Demos3\bullet2\MultiBodyDemo\TestJointTorqueSetup.cpp">
      <Filter>Demos3\bullet2\MultiBodyDemo</Filter>
    </ClCompile>
    <ClCompile Include="..\..\Demos3\bullet2\MultiBodyDemo\MultiBodyVehicle.cpp">
      <Filter>Demos3\bullet2\MultiBodyDemo</Filter>
    </ClCompile>
    <ClCompile Include="..\..\Demos3\bullet2\CoordinateFrameDemo\CoordinateFrameDemoPhysicsSetup.cpp">
      <Filter>Demos3\bullet2\CoordinateFrameDemo</Filter>
    </ClCompile>
    <ClCompile Include="..\..\Demos3\FiniteElementMethod\FiniteElementDemo.cpp">
      <Filter>Demos3\FiniteElementMethod</Filter>
    </ClCompile>
    <ClCompile Include="..\..\Demos\BasicDemo\BasicDemoPhysicsSetup.cpp">
      <Filter>Demos\BasicDemo</Filter>
    </ClCompile>
    <ClCompile Include="..\..\Demos\CcdPhysicsDemo\CcdPhysicsSetup.cpp">
      <Filter>Demos\CcdPhysicsDemo</Filter>
    </ClCompile>
    <ClCompile Include="..\..\Demos\Raytracer\RaytracerSetup.cpp">
      <Filter>Demos\Raytracer</Filter>
    </ClCompile>
    <ClCompile Include="..\..\Demos\SerializeDemo\SerializeSetup.cpp">
      <Filter>Demos\SerializeDemo</Filter>
    </ClCompile>
    <ClCompile Include="..\..\Extras\Serialize\BulletFileLoader\bChunk.cpp">
      <Filter>Extras\Serialize\BulletFileLoader</Filter>
    </ClCompile>
    <ClCompile Include="..\..\Extras\Serialize\BulletFileLoader\bDNA.cpp">
      <Filter>Extras\Serialize\BulletFileLoader</Filter>
    </ClCompile>
    <ClCompile Include="..\..\Extras\Serialize\BulletFileLoader\bFile.cpp">
      <Filter>Extras\Serialize\BulletFileLoader</Filter>
    </ClCompile>
    <ClCompile Include="..\..\Extras\Serialize\BulletFileLoader\btBulletFile.cpp">
      <Filter>Extras\Serialize\BulletFileLoader</Filter>
    </ClCompile>
    <ClCompile Include="..\..\Extras\Serialize\BulletWorldImporter\btBulletWorldImporter.cpp">
      <Filter>Extras\Serialize\BulletWorldImporter</Filter>
    </ClCompile>
    <ClCompile Include="..\..\Extras\Serialize\BulletWorldImporter\btWorldImporter.cpp">
      <Filter>Extras\Serialize\BulletWorldImporter</Filter>
    </ClCompile>
    <ClCompile Include="..\..\Demos3\bullet2\ConstraintDemo\ConstraintPhysicsSetup.cpp">
      <Filter>Demos3\bullet2\ConstraintDemo</Filter>
    </ClCompile>
    <ClCompile Include="..\..\Demos3\ImportColladaDemo\LoadMeshFromCollada.cpp">
      <Filter>Demos3\ImportColladaDemo</Filter>
    </ClCompile>
    <ClCompile Include="..\..\Demos3\ImportColladaDemo\ImportColladaSetup.cpp">
      <Filter>Demos3\ImportColladaDemo</Filter>
    </ClCompile>
    <ClCompile Include="..\..\Demos3\ImportURDFDemo\URDF2Bullet.cpp">
      <Filter>Demos3\ImportURDFDemo</Filter>
    </ClCompile>
    <ClCompile Include="..\..\Demos3\ImportURDFDemo\ImportURDFSetup.cpp">
      <Filter>Demos3\ImportURDFDemo</Filter>
    </ClCompile>
    <ClCompile Include="..\..\Demos3\ImportObjDemo\ImportObjSetup.cpp">
      <Filter>Demos3\ImportObjDemo</Filter>
    </ClCompile>
    <ClCompile Include="..\..\Demos3\ImportObjDemo\LoadMeshFromObj.cpp">
      <Filter>Demos3\ImportObjDemo</Filter>
    </ClCompile>
    <ClCompile Include="..\..\Demos3\ImportObjDemo\Wavefront2GLInstanceGraphicsShape.cpp">
      <Filter>Demos3\ImportObjDemo</Filter>
    </ClCompile>
    <ClCompile Include="..\..\Demos3\ImportSTLDemo\ImportSTLSetup.cpp">
      <Filter>Demos3\ImportSTLDemo</Filter>
    </ClCompile>
    <ClCompile Include="..\..\Demos3\Wavefront\tiny_obj_loader.cpp">
      <Filter>Demos3\Wavefront</Filter>
    </ClCompile>
    <ClCompile Include="..\..\btgui\urdf\urdfdom\urdf_parser\src\pose.cpp">
      <Filter>btgui\urdf\urdfdom\urdf_parser\src</Filter>
    </ClCompile>
    <ClCompile Include="..\..\btgui\urdf\urdfdom\urdf_parser\src\model.cpp">
      <Filter>btgui\urdf\urdfdom\urdf_parser\src</Filter>
    </ClCompile>
    <ClCompile Include="..\..\btgui\urdf\urdfdom\urdf_parser\src\link.cpp">
      <Filter>btgui\urdf\urdfdom\urdf_parser\src</Filter>
    </ClCompile>
    <ClCompile Include="..\..\btgui\urdf\urdfdom\urdf_parser\src\joint.cpp">
      <Filter>btgui\urdf\urdfdom\urdf_parser\src</Filter>
    </ClCompile>
    <ClCompile Include="..\..\btgui\tinyxml\tinystr.cpp">
      <Filter>btgui\tinyxml</Filter>
    </ClCompile>
    <ClCompile Include="..\..\btgui\tinyxml\tinyxml.cpp">
      <Filter>btgui\tinyxml</Filter>
    </ClCompile>
    <ClCompile Include="..\..\btgui\tinyxml\tinyxmlerror.cpp">
      <Filter>btgui\tinyxml</Filter>
    </ClCompile>
    <ClCompile Include="..\..\btgui\tinyxml\tinyxmlparser.cpp">
      <Filter>btgui\tinyxml</Filter>
    </ClCompile>
    <ClCompile Include="..\..\btgui\urdf\boost_replacement\printf_console.cpp">
      <Filter>btgui\urdf\boost_replacement</Filter>
    </ClCompile>
    <ClCompile Include="..\..\btgui\urdf\boost_replacement\string_split.cpp">
      <Filter>btgui\urdf\boost_replacement</Filter>
    </ClCompile>
    <ClCompile Include="..\..\Demos3\bullet2\FeatherstoneMultiBodyDemo\BulletMultiBodyDemos.cpp">
      <Filter>Demos3\bullet2\FeatherstoneMultiBodyDemo</Filter>
    </ClCompile>
    <ClCompile Include="..\..\Demos3\bullet2\FeatherstoneMultiBodyDemo\MultiDofDemo.cpp">
      <Filter>Demos3\bullet2\FeatherstoneMultiBodyDemo</Filter>
    </ClCompile>
    <ClCompile Include="..\..\Demos3\bullet2\BasicDemo\BasicDemo.cpp">
      <Filter>Demos3\bullet2\BasicDemo</Filter>
    </ClCompile>
  </ItemGroup>
</Project>
