<?xml version="1.0" encoding="utf-8"?>
<Project ToolsVersion="4.0" xmlns="http://schemas.microsoft.com/developer/msbuild/2003">
  <ItemGroup>
    <Filter Include="src">
      <UniqueIdentifier>{54A6E52E-34C9-A54A-8F02-AF31BD3983FB}</UniqueIdentifier>
    </Filter>
    <Filter Include="src\clew">
      <UniqueIdentifier>{BCA1E961-F28D-3143-AED3-BB9805678524}</UniqueIdentifier>
    </Filter>
    <Filter Include="btgui">
      <UniqueIdentifier>{086250D3-77C8-2048-9BBF-5D9F3B2A9C9F}</UniqueIdentifier>
    </Filter>
    <Filter Include="btgui\OpenGLWindow">
      <UniqueIdentifier>{105C0192-7513-D44F-BC1A-69EC81032375}</UniqueIdentifier>
    </Filter>
    <Filter Include="btgui\OpenGLWindow\GlewWindows">
      <UniqueIdentifier>{CA783760-2869-214E-A536-1FFBBE04D79E}</UniqueIdentifier>
    </Filter>
    <Filter Include="Demos3">
      <UniqueIdentifier>{1768E413-9606-B541-A0F9-713C11B340BA}</UniqueIdentifier>
    </Filter>
    <Filter Include="Demos3\GpuDemos">
      <UniqueIdentifier>{AE64ABE2-9F50-FE4C-93F9-297A568BAA52}</UniqueIdentifier>
    </Filter>
    <Filter Include="Demos3\GpuDemos\broadphase">
      <UniqueIdentifier>{9F58BE30-196D-B045-B368-DB748E4D855B}</UniqueIdentifier>
    </Filter>
    <Filter Include="Demos3\GpuDemos\constraints">
      <UniqueIdentifier>{3794550B-EE1B-074E-A21A-D3AAC114B345}</UniqueIdentifier>
    </Filter>
    <Filter Include="Demos3\GpuDemos\raytrace">
      <UniqueIdentifier>{93A6BC44-720E-8645-BD75-EC60BA793C9D}</UniqueIdentifier>
    </Filter>
    <Filter Include="Demos3\GpuDemos\rigidbody">
      <UniqueIdentifier>{9878B3C3-2AD0-BC42-841C-6E0AE601DA5E}</UniqueIdentifier>
    </Filter>
    <Filter Include="Demos3\GpuDemos\shadows">
      <UniqueIdentifier>{1252E776-E5E8-D249-8616-73F23CCDBE70}</UniqueIdentifier>
    </Filter>
    <Filter Include="Demos3\GpuDemos\softbody">
      <UniqueIdentifier>{62970BD0-DD67-224C-8530-F1EE450955C0}</UniqueIdentifier>
    </Filter>
    <Filter Include="Demos3\Wavefront">
      <UniqueIdentifier>{E40814B2-68C8-9D43-BD86-D01BC1041504}</UniqueIdentifier>
    </Filter>
    <Filter Include="btgui\stb_image">
      <UniqueIdentifier>{E2D60B75-1CB6-D14D-978D-C198F0D4C5A6}</UniqueIdentifier>
    </Filter>
  </ItemGroup>
  <ItemGroup>
    <ClInclude Include="..\..\src\clew\clew.h">
      <Filter>src\clew</Filter>
    </ClInclude>
    <ClInclude Include="..\..\Demos3\GpuDemos\GpuDemo.h">
      <Filter>Demos3\GpuDemos</Filter>
    </ClInclude>
    <ClInclude Include="..\..\Demos3\GpuDemos\GpuDemoInternalData.h">
      <Filter>Demos3\GpuDemos</Filter>
    </ClInclude>
    <ClInclude Include="..\..\Demos3\GpuDemos\ParticleDemo.h">
      <Filter>Demos3\GpuDemos</Filter>
    </ClInclude>
    <ClInclude Include="..\..\Demos3\GpuDemos\broadphase\PairBench.h">
      <Filter>Demos3\GpuDemos\broadphase</Filter>
    </ClInclude>
    <ClInclude Include="..\..\Demos3\GpuDemos\broadphase\pairsKernel.h">
      <Filter>Demos3\GpuDemos\broadphase</Filter>
    </ClInclude>
    <ClInclude Include="..\..\Demos3\GpuDemos\constraints\ConstraintsDemo.h">
      <Filter>Demos3\GpuDemos\constraints</Filter>
    </ClInclude>
    <ClInclude Include="..\..\Demos3\GpuDemos\raytrace\RaytracedShadowDemo.h">
      <Filter>Demos3\GpuDemos\raytrace</Filter>
    </ClInclude>
    <ClInclude Include="..\..\Demos3\GpuDemos\rigidbody\Bullet2FileDemo.h">
      <Filter>Demos3\GpuDemos\rigidbody</Filter>
    </ClInclude>
    <ClInclude Include="..\..\Demos3\GpuDemos\rigidbody\BulletDataExtractor.h">
      <Filter>Demos3\GpuDemos\rigidbody</Filter>
    </ClInclude>
    <ClInclude Include="..\..\Demos3\GpuDemos\rigidbody\ConcaveScene.h">
      <Filter>Demos3\GpuDemos\rigidbody</Filter>
    </ClInclude>
    <ClInclude Include="..\..\Demos3\GpuDemos\rigidbody\GpuCompoundScene.h">
      <Filter>Demos3\GpuDemos\rigidbody</Filter>
    </ClInclude>
    <ClInclude Include="..\..\Demos3\GpuDemos\rigidbody\GpuConvexScene.h">
      <Filter>Demos3\GpuDemos\rigidbody</Filter>
    </ClInclude>
    <ClInclude Include="..\..\Demos3\GpuDemos\rigidbody\GpuRigidBodyDemo.h">
      <Filter>Demos3\GpuDemos\rigidbody</Filter>
    </ClInclude>
    <ClInclude Include="..\..\Demos3\GpuDemos\rigidbody\GpuRigidBodyDemoInternalData.h">
      <Filter>Demos3\GpuDemos\rigidbody</Filter>
    </ClInclude>
    <ClInclude Include="..\..\Demos3\GpuDemos\rigidbody\GpuSphereScene.h">
      <Filter>Demos3\GpuDemos\rigidbody</Filter>
    </ClInclude>
    <ClInclude Include="..\..\Demos3\GpuDemos\shadows\ShadowMapDemo.h">
      <Filter>Demos3\GpuDemos\shadows</Filter>
    </ClInclude>
    <ClInclude Include="..\..\Demos3\GpuDemos\shadows\ShadowMapDemoInternalData.h">
      <Filter>Demos3\GpuDemos\shadows</Filter>
    </ClInclude>
    <ClInclude Include="..\..\Demos3\GpuDemos\softbody\GpuSoftBodyDemo.h">
      <Filter>Demos3\GpuDemos\softbody</Filter>
    </ClInclude>
    <ClInclude Include="..\..\Demos3\GpuDemos\softbody\GpuSoftBodyDemoInternalData.h">
      <Filter>Demos3\GpuDemos\softbody</Filter>
    </ClInclude>
    <ClInclude Include="..\..\Demos3\Wavefront\tiny_obj_loader.h">
      <Filter>Demos3\Wavefront</Filter>
    </ClInclude>
    <ClInclude Include="..\..\btgui\OpenGLWindow\GLInstancingRenderer.h">
      <Filter>btgui\OpenGLWindow</Filter>
    </ClInclude>
    <ClInclude Include="..\..\btgui\OpenGLWindow\GLPrimitiveRenderer.h">
      <Filter>btgui\OpenGLWindow</Filter>
    </ClInclude>
    <ClInclude Include="..\..\btgui\OpenGLWindow\LoadShader.h">
      <Filter>btgui\OpenGLWindow</Filter>
    </ClInclude>
    <ClInclude Include="..\..\btgui\OpenGLWindow\TwFonts.h">
      <Filter>btgui\OpenGLWindow</Filter>
    </ClInclude>
    <ClInclude Include="..\..\btgui\OpenGLWindow\GLRenderToTexture.h">
      <Filter>btgui\OpenGLWindow</Filter>
    </ClInclude>
    <ClInclude Include="..\..\btgui\OpenGLWindow\fontstash.h">
      <Filter>btgui\OpenGLWindow</Filter>
    </ClInclude>
    <ClInclude Include="..\..\btgui\OpenGLWindow\opengl_fontstashcallbacks.h">
      <Filter>btgui\OpenGLWindow</Filter>
    </ClInclude>
    <ClInclude Include="..\..\btgui\stb_image\stb_image.h">
      <Filter>btgui\stb_image</Filter>
    </ClInclude>
    <ClInclude Include="..\..\btgui\OpenGLWindow\Win32OpenGLWindow.h">
      <Filter>btgui\OpenGLWindow</Filter>
    </ClInclude>
    <ClInclude Include="..\..\btgui\OpenGLWindow\Win32Window.h">
      <Filter>btgui\OpenGLWindow</Filter>
    </ClInclude>
  </ItemGroup>
  <ItemGroup>
    <ClCompile Include="..\..\src\clew\clew.c">
      <Filter>src\clew</Filter>
    </ClCompile>
    <ClCompile Include="..\..\btgui\OpenGLWindow\GlewWindows\glew.c">
      <Filter>btgui\OpenGLWindow\GlewWindows</Filter>
    </ClCompile>
    <ClCompile Include="..\..\Demos3\GpuDemos\GpuDemo.cpp">
      <Filter>Demos3\GpuDemos</Filter>
    </ClCompile>
    <ClCompile Include="..\..\Demos3\GpuDemos\main_opengl3core.cpp">
      <Filter>Demos3\GpuDemos</Filter>
    </ClCompile>
    <ClCompile Include="..\..\Demos3\GpuDemos\ParticleDemo.cpp">
      <Filter>Demos3\GpuDemos</Filter>
    </ClCompile>
    <ClCompile Include="..\..\Demos3\GpuDemos\broadphase\PairBench.cpp">
      <Filter>Demos3\GpuDemos\broadphase</Filter>
    </ClCompile>
    <ClCompile Include="..\..\Demos3\GpuDemos\constraints\ConstraintsDemo.cpp">
      <Filter>Demos3\GpuDemos\constraints</Filter>
    </ClCompile>
    <ClCompile Include="..\..\Demos3\GpuDemos\raytrace\RaytracedShadowDemo.cpp">
      <Filter>Demos3\GpuDemos\raytrace</Filter>
    </ClCompile>
    <ClCompile Include="..\..\Demos3\GpuDemos\rigidbody\Bullet2FileDemo.cpp">
      <Filter>Demos3\GpuDemos\rigidbody</Filter>
    </ClCompile>
    <ClCompile Include="..\..\Demos3\GpuDemos\rigidbody\BulletDataExtractor.cpp">
      <Filter>Demos3\GpuDemos\rigidbody</Filter>
    </ClCompile>
    <ClCompile Include="..\..\Demos3\GpuDemos\rigidbody\ConcaveScene.cpp">
      <Filter>Demos3\GpuDemos\rigidbody</Filter>
    </ClCompile>
    <ClCompile Include="..\..\Demos3\GpuDemos\rigidbody\GpuCompoundScene.cpp">
      <Filter>Demos3\GpuDemos\rigidbody</Filter>
    </ClCompile>
    <ClCompile Include="..\..\Demos3\GpuDemos\rigidbody\GpuConvexScene.cpp">
      <Filter>Demos3\GpuDemos\rigidbody</Filter>
    </ClCompile>
    <ClCompile Include="..\..\Demos3\GpuDemos\rigidbody\GpuRigidBodyDemo.cpp">
      <Filter>Demos3\GpuDemos\rigidbody</Filter>
    </ClCompile>
    <ClCompile Include="..\..\Demos3\GpuDemos\rigidbody\GpuSphereScene.cpp">
      <Filter>Demos3\GpuDemos\rigidbody</Filter>
    </ClCompile>
    <ClCompile Include="..\..\Demos3\GpuDemos\shadows\ShadowMapDemo.cpp">
      <Filter>Demos3\GpuDemos\shadows</Filter>
    </ClCompile>
    <ClCompile Include="..\..\Demos3\GpuDemos\softbody\GpuSoftBodyDemo.cpp">
      <Filter>Demos3\GpuDemos\softbody</Filter>
    </ClCompile>
    <ClCompile Include="..\..\Demos3\Wavefront\tiny_obj_loader.cpp">
      <Filter>Demos3\Wavefront</Filter>
    </ClCompile>
    <ClCompile Include="..\..\btgui\OpenGLWindow\GLInstancingRenderer.cpp">
      <Filter>btgui\OpenGLWindow</Filter>
    </ClCompile>
    <ClCompile Include="..\..\btgui\OpenGLWindow\GLPrimitiveRenderer.cpp">
      <Filter>btgui\OpenGLWindow</Filter>
    </ClCompile>
    <ClCompile Include="..\..\btgui\OpenGLWindow\LoadShader.cpp">
      <Filter>btgui\OpenGLWindow</Filter>
    </ClCompile>
    <ClCompile Include="..\..\btgui\OpenGLWindow\TwFonts.cpp">
      <Filter>btgui\OpenGLWindow</Filter>
    </ClCompile>
    <ClCompile Include="..\..\btgui\OpenGLWindow\GLRenderToTexture.cpp">
      <Filter>btgui\OpenGLWindow</Filter>
    </ClCompile>
    <ClCompile Include="..\..\btgui\OpenGLWindow\fontstash.cpp">
      <Filter>btgui\OpenGLWindow</Filter>
    </ClCompile>
    <ClCompile Include="..\..\btgui\OpenGLWindow\opengl_fontstashcallbacks.cpp">
      <Filter>btgui\OpenGLWindow</Filter>
    </ClCompile>
    <ClCompile Include="..\..\btgui\OpenGLWindow\OpenSans.cpp">
      <Filter>btgui\OpenGLWindow</Filter>
    </ClCompile>
    <ClCompile Include="..\..\btgui\stb_image\stb_image.cpp">
      <Filter>btgui\stb_image</Filter>
    </ClCompile>
    <ClCompile Include="..\..\btgui\OpenGLWindow\Win32OpenGLWindow.cpp">
      <Filter>btgui\OpenGLWindow</Filter>
    </ClCompile>
    <ClCompile Include="..\..\btgui\OpenGLWindow\Win32Window.cpp">
      <Filter>btgui\OpenGLWindow</Filter>
    </ClCompile>
  </ItemGroup>
</Project>
