<?xml version="1.0" encoding="utf-8"?>
<Project ToolsVersion="4.0" xmlns="http://schemas.microsoft.com/developer/msbuild/2003">
  <ItemGroup>
    <Filter Include="btgui">
      <UniqueIdentifier>{620CAD62-63B6-AD43-8F0E-3D2147272CE7}</UniqueIdentifier>
    </Filter>
    <Filter Include="btgui\OpenGLWindow">
      <UniqueIdentifier>{4B842D89-E400-214A-A0A8-BABE76E57579}</UniqueIdentifier>
    </Filter>
    <Filter Include="btgui\OpenGLWindow\GlewWindows">
      <UniqueIdentifier>{96119269-96F4-A549-8DC7-F686F11B81A9}</UniqueIdentifier>
    </Filter>
    <Filter Include="Demos3">
      <UniqueIdentifier>{5E3E0F1F-F550-294A-8091-0F59E01E22D3}</UniqueIdentifier>
    </Filter>
    <Filter Include="Demos3\BasicDemoCustomOpenGL2">
      <UniqueIdentifier>{E09802F3-555B-0140-9C2B-574C4BF47F7B}</UniqueIdentifier>
    </Filter>
    <Filter Include="Demos">
      <UniqueIdentifier>{6B888E94-C863-F944-8AC0-3947D8BF50D9}</UniqueIdentifier>
    </Filter>
    <Filter Include="Demos\BasicDemo">
      <UniqueIdentifier>{8874D9D4-357F-4949-A844-CD2E5B3D8BC6}</UniqueIdentifier>
    </Filter>
    <Filter Include="Demos\OpenGL">
      <UniqueIdentifier>{CB782090-8B90-5A4C-96BD-B23C2564D4F3}</UniqueIdentifier>
    </Filter>
  </ItemGroup>
  <ItemGroup>
    <ClInclude Include="..\..\Demos\BasicDemo\BasicDemoPhysicsSetup.h">
      <Filter>Demos\BasicDemo</Filter>
    </ClInclude>
    <ClInclude Include="..\..\Demos\OpenGL\DemoApplication.h">
      <Filter>Demos\OpenGL</Filter>
    </ClInclude>
    <ClInclude Include="..\..\Demos\OpenGL\GL_ShapeDrawer.h">
      <Filter>Demos\OpenGL</Filter>
    </ClInclude>
    <ClInclude Include="..\..\Demos\OpenGL\GLDebugDrawer.h">
      <Filter>Demos\OpenGL</Filter>
    </ClInclude>
    <ClInclude Include="..\..\Demos\OpenGL\GLDebugFont.h">
      <Filter>Demos\OpenGL</Filter>
    </ClInclude>
  </ItemGroup>
  <ItemGroup>
    <ClCompile Include="..\..\btgui\OpenGLWindow\GlewWindows\glew.c">
      <Filter>btgui\OpenGLWindow\GlewWindows</Filter>
    </ClCompile>
    <ClCompile Include="..\..\Demos3\BasicDemoCustomOpenGL2\main.cpp">
      <Filter>Demos3\BasicDemoCustomOpenGL2</Filter>
    </ClCompile>
    <ClCompile Include="..\..\Demos\BasicDemo\BasicDemoPhysicsSetup.cpp">
      <Filter>Demos\BasicDemo</Filter>
    </ClCompile>
    <ClCompile Include="..\..\Demos\OpenGL\DemoApplication.cpp">
      <Filter>Demos\OpenGL</Filter>
    </ClCompile>
    <ClCompile Include="..\..\Demos\OpenGL\GL_ShapeDrawer.cpp">
      <Filter>Demos\OpenGL</Filter>
    </ClCompile>
    <ClCompile Include="..\..\Demos\OpenGL\GLDebugDrawer.cpp">
      <Filter>Demos\OpenGL</Filter>
    </ClCompile>
    <ClCompile Include="..\..\Demos\OpenGL\GLDebugFont.cpp">
      <Filter>Demos\OpenGL</Filter>
    </ClCompile>
  </ItemGroup>
</Project>
