<?xml version="1.0" encoding="utf-8"?>
<Project ToolsVersion="4.0" xmlns="http://schemas.microsoft.com/developer/msbuild/2003">
  <ItemGroup>
    <Filter Include="btgui">
      <UniqueIdentifier>{A4DAC7D5-ED59-C440-84A9-DE3FD3EF6222}</UniqueIdentifier>
    </Filter>
    <Filter Include="btgui\OpenGLWindow">
      <UniqueIdentifier>{AD64F393-5576-F74F-A0CE-A217F0E804F8}</UniqueIdentifier>
    </Filter>
    <Filter Include="btgui\OpenGLWindow\GlewWindows">
      <UniqueIdentifier>{A1D4B58F-7156-7C4B-9681-B397A93BC068}</UniqueIdentifier>
    </Filter>
    <Filter Include="btgui\Bullet3AppSupport">
      <UniqueIdentifier>{C591A29E-9F13-AB4B-9562-3140C8F69E7F}</UniqueIdentifier>
    </Filter>
  </ItemGroup>
  <ItemGroup>
    <ClInclude Include="..\..\btgui\Bullet3AppSupport\b3Clock.h">
      <Filter>btgui\Bullet3AppSupport</Filter>
    </ClInclude>
    <ClInclude Include="..\..\btgui\Bullet3AppSupport\b3Quickprof.h">
      <Filter>btgui\Bullet3AppSupport</Filter>
    </ClInclude>
    <ClInclude Include="..\..\btgui\Bullet3AppSupport\Bullet2RigidBodyDemo.h">
      <Filter>btgui\Bullet3AppSupport</Filter>
    </ClInclude>
    <ClInclude Include="..\..\btgui\Bullet3AppSupport\BulletDemoInterface.h">
      <Filter>btgui\Bullet3AppSupport</Filter>
    </ClInclude>
    <ClInclude Include="..\..\btgui\Bullet3AppSupport\Common2dCanvasInterface.h">
      <Filter>btgui\Bullet3AppSupport</Filter>
    </ClInclude>
    <ClInclude Include="..\..\btgui\Bullet3AppSupport\CommonMultiBodySetup.h">
      <Filter>btgui\Bullet3AppSupport</Filter>
    </ClInclude>
    <ClInclude Include="..\..\btgui\Bullet3AppSupport\CommonParameterInterface.h">
      <Filter>btgui\Bullet3AppSupport</Filter>
    </ClInclude>
    <ClInclude Include="..\..\btgui\Bullet3AppSupport\CommonPhysicsSetup.h">
      <Filter>btgui\Bullet3AppSupport</Filter>
    </ClInclude>
    <ClInclude Include="..\..\btgui\Bullet3AppSupport\CommonRigidBodySetup.h">
      <Filter>btgui\Bullet3AppSupport</Filter>
    </ClInclude>
    <ClInclude Include="..\..\btgui\Bullet3AppSupport\GraphingTexture.h">
      <Filter>btgui\Bullet3AppSupport</Filter>
    </ClInclude>
    <ClInclude Include="..\..\btgui\Bullet3AppSupport\gwenInternalData.h">
      <Filter>btgui\Bullet3AppSupport</Filter>
    </ClInclude>
    <ClInclude Include="..\..\btgui\Bullet3AppSupport\GwenParameterInterface.h">
      <Filter>btgui\Bullet3AppSupport</Filter>
    </ClInclude>
    <ClInclude Include="..\..\btgui\Bullet3AppSupport\GwenProfileWindow.h">
      <Filter>btgui\Bullet3AppSupport</Filter>
    </ClInclude>
    <ClInclude Include="..\..\btgui\Bullet3AppSupport\GwenTextureWindow.h">
      <Filter>btgui\Bullet3AppSupport</Filter>
    </ClInclude>
    <ClInclude Include="..\..\btgui\Bullet3AppSupport\gwenUserInterface.h">
      <Filter>btgui\Bullet3AppSupport</Filter>
    </ClInclude>
    <ClInclude Include="..\..\btgui\Bullet3AppSupport\MyDebugDrawer.h">
      <Filter>btgui\Bullet3AppSupport</Filter>
    </ClInclude>
  </ItemGroup>
  <ItemGroup>
    <ClCompile Include="..\..\btgui\OpenGLWindow\GlewWindows\glew.c">
      <Filter>btgui\OpenGLWindow\GlewWindows</Filter>
    </ClCompile>
    <ClCompile Include="..\..\btgui\Bullet3AppSupport\b3Clock.cpp">
      <Filter>btgui\Bullet3AppSupport</Filter>
    </ClCompile>
    <ClCompile Include="..\..\btgui\Bullet3AppSupport\b3Quickprof.cpp">
      <Filter>btgui\Bullet3AppSupport</Filter>
    </ClCompile>
    <ClCompile Include="..\..\btgui\Bullet3AppSupport\Bullet2RigidBodyDemo.cpp">
      <Filter>btgui\Bullet3AppSupport</Filter>
    </ClCompile>
    <ClCompile Include="..\..\btgui\Bullet3AppSupport\GraphingTexture.cpp">
      <Filter>btgui\Bullet3AppSupport</Filter>
    </ClCompile>
    <ClCompile Include="..\..\btgui\Bullet3AppSupport\GwenParameterInterface.cpp">
      <Filter>btgui\Bullet3AppSupport</Filter>
    </ClCompile>
    <ClCompile Include="..\..\btgui\Bullet3AppSupport\GwenProfileWindow.cpp">
      <Filter>btgui\Bullet3AppSupport</Filter>
    </ClCompile>
    <ClCompile Include="..\..\btgui\Bullet3AppSupport\GwenTextureWindow.cpp">
      <Filter>btgui\Bullet3AppSupport</Filter>
    </ClCompile>
    <ClCompile Include="..\..\btgui\Bullet3AppSupport\gwenUserInterface.cpp">
      <Filter>btgui\Bullet3AppSupport</Filter>
    </ClCompile>
  </ItemGroup>
</Project>
