<?xml version="1.0" encoding="utf-8"?>
<Project ToolsVersion="4.0" xmlns="http://schemas.microsoft.com/developer/msbuild/2003">
  <ItemGroup>
    <Filter Include="src">
      <UniqueIdentifier>{8A4C16F2-58C2-7245-AD67-A7227B6EBBAE}</UniqueIdentifier>
    </Filter>
    <Filter Include="src\BulletDynamics">
      <UniqueIdentifier>{C829EC60-C625-8C40-A5FD-C8A23BCD9C50}</UniqueIdentifier>
    </Filter>
    <Filter Include="src\BulletDynamics\Dynamics">
      <UniqueIdentifier>{68C86EBB-E349-AF40-A418-262B80EAFB38}</UniqueIdentifier>
    </Filter>
    <Filter Include="src\BulletDynamics\ConstraintSolver">
      <UniqueIdentifier>{CAD465B6-265E-704D-BC83-31766FFCBD56}</UniqueIdentifier>
    </Filter>
    <Filter Include="src\BulletDynamics\Featherstone">
      <UniqueIdentifier>{12A7D601-C4E8-7B4F-80D5-573775F13A85}</UniqueIdentifier>
    </Filter>
    <Filter Include="src\BulletDynamics\MLCPSolvers">
      <UniqueIdentifier>{B7FB5F72-C14B-9E40-BF3B-0421E1FDB83A}</UniqueIdentifier>
    </Filter>
    <Filter Include="src\BulletDynamics\Vehicle">
      <UniqueIdentifier>{BBC1562C-0B8F-3F45-85A2-507FC8982B86}</UniqueIdentifier>
    </Filter>
    <Filter Include="src\BulletDynamics\Character">
      <UniqueIdentifier>{5673DD0C-D46C-D842-A956-CB3DFF2ED268}</UniqueIdentifier>
    </Filter>
  </ItemGroup>
  <ItemGroup>
    <ClInclude Include="..\..\src\BulletDynamics\Dynamics\btActionInterface.h">
      <Filter>src\BulletDynamics\Dynamics</Filter>
    </ClInclude>
    <ClInclude Include="..\..\src\BulletDynamics\Dynamics\btDiscreteDynamicsWorld.h">
      <Filter>src\BulletDynamics\Dynamics</Filter>
    </ClInclude>
    <ClInclude Include="..\..\src\BulletDynamics\Dynamics\btDynamicsWorld.h">
      <Filter>src\BulletDynamics\Dynamics</Filter>
    </ClInclude>
    <ClInclude Include="..\..\src\BulletDynamics\Dynamics\btRigidBody.h">
      <Filter>src\BulletDynamics\Dynamics</Filter>
    </ClInclude>
    <ClInclude Include="..\..\src\BulletDynamics\Dynamics\btSimpleDynamicsWorld.h">
      <Filter>src\BulletDynamics\Dynamics</Filter>
    </ClInclude>
    <ClInclude Include="..\..\src\BulletDynamics\ConstraintSolver\btConeTwistConstraint.h">
      <Filter>src\BulletDynamics\ConstraintSolver</Filter>
    </ClInclude>
    <ClInclude Include="..\..\src\BulletDynamics\ConstraintSolver\btConstraintSolver.h">
      <Filter>src\BulletDynamics\ConstraintSolver</Filter>
    </ClInclude>
    <ClInclude Include="..\..\src\BulletDynamics\ConstraintSolver\btContactConstraint.h">
      <Filter>src\BulletDynamics\ConstraintSolver</Filter>
    </ClInclude>
    <ClInclude Include="..\..\src\BulletDynamics\ConstraintSolver\btContactSolverInfo.h">
      <Filter>src\BulletDynamics\ConstraintSolver</Filter>
    </ClInclude>
    <ClInclude Include="..\..\src\BulletDynamics\ConstraintSolver\btFixedConstraint.h">
      <Filter>src\BulletDynamics\ConstraintSolver</Filter>
    </ClInclude>
    <ClInclude Include="..\..\src\BulletDynamics\ConstraintSolver\btGearConstraint.h">
      <Filter>src\BulletDynamics\ConstraintSolver</Filter>
    </ClInclude>
    <ClInclude Include="..\..\src\BulletDynamics\ConstraintSolver\btGeneric6DofConstraint.h">
      <Filter>src\BulletDynamics\ConstraintSolver</Filter>
    </ClInclude>
    <ClInclude Include="..\..\src\BulletDynamics\ConstraintSolver\btGeneric6DofSpring2Constraint.h">
      <Filter>src\BulletDynamics\ConstraintSolver</Filter>
    </ClInclude>
    <ClInclude Include="..\..\src\BulletDynamics\ConstraintSolver\btGeneric6DofSpringConstraint.h">
      <Filter>src\BulletDynamics\ConstraintSolver</Filter>
    </ClInclude>
    <ClInclude Include="..\..\src\BulletDynamics\ConstraintSolver\btHinge2Constraint.h">
      <Filter>src\BulletDynamics\ConstraintSolver</Filter>
    </ClInclude>
    <ClInclude Include="..\..\src\BulletDynamics\ConstraintSolver\btHingeConstraint.h">
      <Filter>src\BulletDynamics\ConstraintSolver</Filter>
    </ClInclude>
    <ClInclude Include="..\..\src\BulletDynamics\ConstraintSolver\btJacobianEntry.h">
      <Filter>src\BulletDynamics\ConstraintSolver</Filter>
    </ClInclude>
    <ClInclude Include="..\..\src\BulletDynamics\ConstraintSolver\btNNCGConstraintSolver.h">
      <Filter>src\BulletDynamics\ConstraintSolver</Filter>
    </ClInclude>
    <ClInclude Include="..\..\src\BulletDynamics\ConstraintSolver\btPoint2PointConstraint.h">
      <Filter>src\BulletDynamics\ConstraintSolver</Filter>
    </ClInclude>
    <ClInclude Include="..\..\src\BulletDynamics\ConstraintSolver\btSequentialImpulseConstraintSolver.h">
      <Filter>src\BulletDynamics\ConstraintSolver</Filter>
    </ClInclude>
    <ClInclude Include="..\..\src\BulletDynamics\ConstraintSolver\btSliderConstraint.h">
      <Filter>src\BulletDynamics\ConstraintSolver</Filter>
    </ClInclude>
    <ClInclude Include="..\..\src\BulletDynamics\ConstraintSolver\btSolve2LinearConstraint.h">
      <Filter>src\BulletDynamics\ConstraintSolver</Filter>
    </ClInclude>
    <ClInclude Include="..\..\src\BulletDynamics\ConstraintSolver\btSolverBody.h">
      <Filter>src\BulletDynamics\ConstraintSolver</Filter>
    </ClInclude>
    <ClInclude Include="..\..\src\BulletDynamics\ConstraintSolver\btSolverConstraint.h">
      <Filter>src\BulletDynamics\ConstraintSolver</Filter>
    </ClInclude>
    <ClInclude Include="..\..\src\BulletDynamics\ConstraintSolver\btTypedConstraint.h">
      <Filter>src\BulletDynamics\ConstraintSolver</Filter>
    </ClInclude>
    <ClInclude Include="..\..\src\BulletDynamics\ConstraintSolver\btUniversalConstraint.h">
      <Filter>src\BulletDynamics\ConstraintSolver</Filter>
    </ClInclude>
    <ClInclude Include="..\..\src\BulletDynamics\Featherstone\btMultiBody.h">
      <Filter>src\BulletDynamics\Featherstone</Filter>
    </ClInclude>
    <ClInclude Include="..\..\src\BulletDynamics\Featherstone\btMultiBodyConstraint.h">
      <Filter>src\BulletDynamics\Featherstone</Filter>
    </ClInclude>
    <ClInclude Include="..\..\src\BulletDynamics\Featherstone\btMultiBodyConstraintSolver.h">
      <Filter>src\BulletDynamics\Featherstone</Filter>
    </ClInclude>
    <ClInclude Include="..\..\src\BulletDynamics\Featherstone\btMultiBodyDynamicsWorld.h">
      <Filter>src\BulletDynamics\Featherstone</Filter>
    </ClInclude>
    <ClInclude Include="..\..\src\BulletDynamics\Featherstone\btMultiBodyJointLimitConstraint.h">
      <Filter>src\BulletDynamics\Featherstone</Filter>
    </ClInclude>
    <ClInclude Include="..\..\src\BulletDynamics\Featherstone\btMultiBodyJointMotor.h">
      <Filter>src\BulletDynamics\Featherstone</Filter>
    </ClInclude>
    <ClInclude Include="..\..\src\BulletDynamics\Featherstone\btMultiBodyLink.h">
      <Filter>src\BulletDynamics\Featherstone</Filter>
    </ClInclude>
    <ClInclude Include="..\..\src\BulletDynamics\Featherstone\btMultiBodyLinkCollider.h">
      <Filter>src\BulletDynamics\Featherstone</Filter>
    </ClInclude>
    <ClInclude Include="..\..\src\BulletDynamics\Featherstone\btMultiBodyPoint2Point.h">
      <Filter>src\BulletDynamics\Featherstone</Filter>
    </ClInclude>
    <ClInclude Include="..\..\src\BulletDynamics\Featherstone\btMultiBodySolverConstraint.h">
      <Filter>src\BulletDynamics\Featherstone</Filter>
    </ClInclude>
    <ClInclude Include="..\..\src\BulletDynamics\MLCPSolvers\btDantzigLCP.h">
      <Filter>src\BulletDynamics\MLCPSolvers</Filter>
    </ClInclude>
    <ClInclude Include="..\..\src\BulletDynamics\MLCPSolvers\btDantzigSolver.h">
      <Filter>src\BulletDynamics\MLCPSolvers</Filter>
    </ClInclude>
    <ClInclude Include="..\..\src\BulletDynamics\MLCPSolvers\btLemkeAlgorithm.h">
      <Filter>src\BulletDynamics\MLCPSolvers</Filter>
    </ClInclude>
    <ClInclude Include="..\..\src\BulletDynamics\MLCPSolvers\btLemkeSolver.h">
      <Filter>src\BulletDynamics\MLCPSolvers</Filter>
    </ClInclude>
    <ClInclude Include="..\..\src\BulletDynamics\MLCPSolvers\btMLCPSolver.h">
      <Filter>src\BulletDynamics\MLCPSolvers</Filter>
    </ClInclude>
    <ClInclude Include="..\..\src\BulletDynamics\MLCPSolvers\btMLCPSolverInterface.h">
      <Filter>src\BulletDynamics\MLCPSolvers</Filter>
    </ClInclude>
    <ClInclude Include="..\..\src\BulletDynamics\MLCPSolvers\btPATHSolver.h">
      <Filter>src\BulletDynamics\MLCPSolvers</Filter>
    </ClInclude>
    <ClInclude Include="..\..\src\BulletDynamics\MLCPSolvers\btSolveProjectedGaussSeidel.h">
      <Filter>src\BulletDynamics\MLCPSolvers</Filter>
    </ClInclude>
    <ClInclude Include="..\..\src\BulletDynamics\Vehicle\btRaycastVehicle.h">
      <Filter>src\BulletDynamics\Vehicle</Filter>
    </ClInclude>
    <ClInclude Include="..\..\src\BulletDynamics\Vehicle\btVehicleRaycaster.h">
      <Filter>src\BulletDynamics\Vehicle</Filter>
    </ClInclude>
    <ClInclude Include="..\..\src\BulletDynamics\Vehicle\btWheelInfo.h">
      <Filter>src\BulletDynamics\Vehicle</Filter>
    </ClInclude>
    <ClInclude Include="..\..\src\BulletDynamics\Character\btCharacterControllerInterface.h">
      <Filter>src\BulletDynamics\Character</Filter>
    </ClInclude>
    <ClInclude Include="..\..\src\BulletDynamics\Character\btKinematicCharacterController.h">
      <Filter>src\BulletDynamics\Character</Filter>
    </ClInclude>
  </ItemGroup>
  <ItemGroup>
    <ClCompile Include="..\..\src\BulletDynamics\Dynamics\btDiscreteDynamicsWorld.cpp">
      <Filter>src\BulletDynamics\Dynamics</Filter>
    </ClCompile>
    <ClCompile Include="..\..\src\BulletDynamics\Dynamics\btRigidBody.cpp">
      <Filter>src\BulletDynamics\Dynamics</Filter>
    </ClCompile>
    <ClCompile Include="..\..\src\BulletDynamics\Dynamics\btSimpleDynamicsWorld.cpp">
      <Filter>src\BulletDynamics\Dynamics</Filter>
    </ClCompile>
    <ClCompile Include="..\..\src\BulletDynamics\ConstraintSolver\btConeTwistConstraint.cpp">
      <Filter>src\BulletDynamics\ConstraintSolver</Filter>
    </ClCompile>
    <ClCompile Include="..\..\src\BulletDynamics\ConstraintSolver\btContactConstraint.cpp">
      <Filter>src\BulletDynamics\ConstraintSolver</Filter>
    </ClCompile>
    <ClCompile Include="..\..\src\BulletDynamics\ConstraintSolver\btFixedConstraint.cpp">
      <Filter>src\BulletDynamics\ConstraintSolver</Filter>
    </ClCompile>
    <ClCompile Include="..\..\src\BulletDynamics\ConstraintSolver\btGearConstraint.cpp">
      <Filter>src\BulletDynamics\ConstraintSolver</Filter>
    </ClCompile>
    <ClCompile Include="..\..\src\BulletDynamics\ConstraintSolver\btGeneric6DofConstraint.cpp">
      <Filter>src\BulletDynamics\ConstraintSolver</Filter>
    </ClCompile>
    <ClCompile Include="..\..\src\BulletDynamics\ConstraintSolver\btGeneric6DofSpring2Constraint.cpp">
      <Filter>src\BulletDynamics\ConstraintSolver</Filter>
    </ClCompile>
    <ClCompile Include="..\..\src\BulletDynamics\ConstraintSolver\btGeneric6DofSpringConstraint.cpp">
      <Filter>src\BulletDynamics\ConstraintSolver</Filter>
    </ClCompile>
    <ClCompile Include="..\..\src\BulletDynamics\ConstraintSolver\btHinge2Constraint.cpp">
      <Filter>src\BulletDynamics\ConstraintSolver</Filter>
    </ClCompile>
    <ClCompile Include="..\..\src\BulletDynamics\ConstraintSolver\btHingeConstraint.cpp">
      <Filter>src\BulletDynamics\ConstraintSolver</Filter>
    </ClCompile>
    <ClCompile Include="..\..\src\BulletDynamics\ConstraintSolver\btNNCGConstraintSolver.cpp">
      <Filter>src\BulletDynamics\ConstraintSolver</Filter>
    </ClCompile>
    <ClCompile Include="..\..\src\BulletDynamics\ConstraintSolver\btPoint2PointConstraint.cpp">
      <Filter>src\BulletDynamics\ConstraintSolver</Filter>
    </ClCompile>
    <ClCompile Include="..\..\src\BulletDynamics\ConstraintSolver\btSequentialImpulseConstraintSolver.cpp">
      <Filter>src\BulletDynamics\ConstraintSolver</Filter>
    </ClCompile>
    <ClCompile Include="..\..\src\BulletDynamics\ConstraintSolver\btSliderConstraint.cpp">
      <Filter>src\BulletDynamics\ConstraintSolver</Filter>
    </ClCompile>
    <ClCompile Include="..\..\src\BulletDynamics\ConstraintSolver\btSolve2LinearConstraint.cpp">
      <Filter>src\BulletDynamics\ConstraintSolver</Filter>
    </ClCompile>
    <ClCompile Include="..\..\src\BulletDynamics\ConstraintSolver\btTypedConstraint.cpp">
      <Filter>src\BulletDynamics\ConstraintSolver</Filter>
    </ClCompile>
    <ClCompile Include="..\..\src\BulletDynamics\ConstraintSolver\btUniversalConstraint.cpp">
      <Filter>src\BulletDynamics\ConstraintSolver</Filter>
    </ClCompile>
    <ClCompile Include="..\..\src\BulletDynamics\Featherstone\btMultiBody.cpp">
      <Filter>src\BulletDynamics\Featherstone</Filter>
    </ClCompile>
    <ClCompile Include="..\..\src\BulletDynamics\Featherstone\btMultiBodyConstraint.cpp">
      <Filter>src\BulletDynamics\Featherstone</Filter>
    </ClCompile>
    <ClCompile Include="..\..\src\BulletDynamics\Featherstone\btMultiBodyConstraintSolver.cpp">
      <Filter>src\BulletDynamics\Featherstone</Filter>
    </ClCompile>
    <ClCompile Include="..\..\src\BulletDynamics\Featherstone\btMultiBodyDynamicsWorld.cpp">
      <Filter>src\BulletDynamics\Featherstone</Filter>
    </ClCompile>
    <ClCompile Include="..\..\src\BulletDynamics\Featherstone\btMultiBodyJointLimitConstraint.cpp">
      <Filter>src\BulletDynamics\Featherstone</Filter>
    </ClCompile>
    <ClCompile Include="..\..\src\BulletDynamics\Featherstone\btMultiBodyJointMotor.cpp">
      <Filter>src\BulletDynamics\Featherstone</Filter>
    </ClCompile>
    <ClCompile Include="..\..\src\BulletDynamics\Featherstone\btMultiBodyPoint2Point.cpp">
      <Filter>src\BulletDynamics\Featherstone</Filter>
    </ClCompile>
    <ClCompile Include="..\..\src\BulletDynamics\MLCPSolvers\btDantzigLCP.cpp">
      <Filter>src\BulletDynamics\MLCPSolvers</Filter>
    </ClCompile>
    <ClCompile Include="..\..\src\BulletDynamics\MLCPSolvers\btLemkeAlgorithm.cpp">
      <Filter>src\BulletDynamics\MLCPSolvers</Filter>
    </ClCompile>
    <ClCompile Include="..\..\src\BulletDynamics\MLCPSolvers\btMLCPSolver.cpp">
      <Filter>src\BulletDynamics\MLCPSolvers</Filter>
    </ClCompile>
    <ClCompile Include="..\..\src\BulletDynamics\Vehicle\btRaycastVehicle.cpp">
      <Filter>src\BulletDynamics\Vehicle</Filter>
    </ClCompile>
    <ClCompile Include="..\..\src\BulletDynamics\Vehicle\btWheelInfo.cpp">
      <Filter>src\BulletDynamics\Vehicle</Filter>
    </ClCompile>
    <ClCompile Include="..\..\src\BulletDynamics\Character\btKinematicCharacterController.cpp">
      <Filter>src\BulletDynamics\Character</Filter>
    </ClCompile>
  </ItemGroup>
</Project>
