<?xml version="1.0" encoding="utf-8"?>
<Project ToolsVersion="4.0" xmlns="http://schemas.microsoft.com/developer/msbuild/2003">
  <ItemGroup>
    <Filter Include="src">
      <UniqueIdentifier>{C65AB50E-75E9-1F4D-A8AA-84AAE2F471CC}</UniqueIdentifier>
    </Filter>
    <Filter Include="src\clew">
      <UniqueIdentifier>{2DD9764D-1B75-134A-8428-D3713007D640}</UniqueIdentifier>
    </Filter>
    <Filter Include="test">
      <UniqueIdentifier>{E834BD55-87AE-2D4F-BEDB-2692A9D4615C}</UniqueIdentifier>
    </Filter>
    <Filter Include="test\OpenCL">
      <UniqueIdentifier>{1E02BABD-5043-3645-B8C3-684AD907E79F}</UniqueIdentifier>
    </Filter>
    <Filter Include="test\OpenCL\RadixSortBenchmark">
      <UniqueIdentifier>{1D0A206A-3763-8042-9AFB-682A29AB63BD}</UniqueIdentifier>
    </Filter>
    <Filter Include="src\Bullet3OpenCL">
      <UniqueIdentifier>{A7A16163-2244-CF46-AF64-FBA0ADFA2C1B}</UniqueIdentifier>
    </Filter>
    <Filter Include="src\Bullet3OpenCL\Initialize">
      <UniqueIdentifier>{7083B9A1-A31A-EE40-A299-27C5E8678568}</UniqueIdentifier>
    </Filter>
    <Filter Include="src\Bullet3OpenCL\ParallelPrimitives">
      <UniqueIdentifier>{CD4AE8EC-F39C-D84A-A9B9-AFEFDA1522CF}</UniqueIdentifier>
    </Filter>
    <Filter Include="src\Bullet3Common">
      <UniqueIdentifier>{8C7A1F3D-4CC0-3042-84F6-6226FAFD6EB6}</UniqueIdentifier>
    </Filter>
    <Filter Include="btgui">
      <UniqueIdentifier>{CCA3522C-92FA-F040-9349-841580501C59}</UniqueIdentifier>
    </Filter>
    <Filter Include="btgui\Bullet3AppSupport">
      <UniqueIdentifier>{E98853B3-B407-6042-8779-A09CF17FA54F}</UniqueIdentifier>
    </Filter>
  </ItemGroup>
  <ItemGroup>
    <ClInclude Include="..\..\src\clew\clew.h">
      <Filter>src\clew</Filter>
    </ClInclude>
    <ClInclude Include="..\..\src\Bullet3OpenCL\Initialize\b3OpenCLUtils.h">
      <Filter>src\Bullet3OpenCL\Initialize</Filter>
    </ClInclude>
    <ClInclude Include="..\..\src\Bullet3Common\b3AlignedAllocator.h">
      <Filter>src\Bullet3Common</Filter>
    </ClInclude>
    <ClInclude Include="..\..\src\Bullet3Common\b3AlignedObjectArray.h">
      <Filter>src\Bullet3Common</Filter>
    </ClInclude>
    <ClInclude Include="..\..\src\Bullet3Common\b3Logging.h">
      <Filter>src\Bullet3Common</Filter>
    </ClInclude>
    <ClInclude Include="..\..\btgui\Bullet3AppSupport\b3Quickprof.h">
      <Filter>btgui\Bullet3AppSupport</Filter>
    </ClInclude>
    <ClInclude Include="..\..\btgui\Bullet3AppSupport\b3Clock.h">
      <Filter>btgui\Bullet3AppSupport</Filter>
    </ClInclude>
  </ItemGroup>
  <ItemGroup>
    <ClCompile Include="..\..\src\clew\clew.c">
      <Filter>src\clew</Filter>
    </ClCompile>
    <ClCompile Include="..\..\test\OpenCL\RadixSortBenchmark\main.cpp">
      <Filter>test\OpenCL\RadixSortBenchmark</Filter>
    </ClCompile>
    <ClCompile Include="..\..\src\Bullet3OpenCL\Initialize\b3OpenCLUtils.cpp">
      <Filter>src\Bullet3OpenCL\Initialize</Filter>
    </ClCompile>
    <ClCompile Include="..\..\src\Bullet3OpenCL\ParallelPrimitives\b3FillCL.cpp">
      <Filter>src\Bullet3OpenCL\ParallelPrimitives</Filter>
    </ClCompile>
    <ClCompile Include="..\..\src\Bullet3OpenCL\ParallelPrimitives\b3PrefixScanCL.cpp">
      <Filter>src\Bullet3OpenCL\ParallelPrimitives</Filter>
    </ClCompile>
    <ClCompile Include="..\..\src\Bullet3OpenCL\ParallelPrimitives\b3RadixSort32CL.cpp">
      <Filter>src\Bullet3OpenCL\ParallelPrimitives</Filter>
    </ClCompile>
    <ClCompile Include="..\..\src\Bullet3OpenCL\ParallelPrimitives\b3LauncherCL.cpp">
      <Filter>src\Bullet3OpenCL\ParallelPrimitives</Filter>
    </ClCompile>
    <ClCompile Include="..\..\src\Bullet3Common\b3AlignedAllocator.cpp">
      <Filter>src\Bullet3Common</Filter>
    </ClCompile>
    <ClCompile Include="..\..\src\Bullet3Common\b3Logging.cpp">
      <Filter>src\Bullet3Common</Filter>
    </ClCompile>
    <ClCompile Include="..\..\btgui\Bullet3AppSupport\b3Quickprof.cpp">
      <Filter>btgui\Bullet3AppSupport</Filter>
    </ClCompile>
    <ClCompile Include="..\..\btgui\Bullet3AppSupport\b3Clock.cpp">
      <Filter>btgui\Bullet3AppSupport</Filter>
    </ClCompile>
  </ItemGroup>
</Project>
