<?xml version="1.0" encoding="utf-8"?>
<Project ToolsVersion="4.0" xmlns="http://schemas.microsoft.com/developer/msbuild/2003">
  <ItemGroup>
    <Filter Include="btgui">
      <UniqueIdentifier>{9AD9EB52-3DF1-ED40-8D2E-2A8D95120A1F}</UniqueIdentifier>
    </Filter>
    <Filter Include="btgui\urdf">
      <UniqueIdentifier>{B106C329-740A-7640-9EC6-51740342B090}</UniqueIdentifier>
    </Filter>
    <Filter Include="btgui\urdf\urdfdom">
      <UniqueIdentifier>{EF0F8127-CF07-6F4B-80E1-8D451E2F0297}</UniqueIdentifier>
    </Filter>
    <Filter Include="btgui\urdf\urdfdom\urdf_parser">
      <UniqueIdentifier>{688498F4-F584-3D46-A864-F61C32AAC103}</UniqueIdentifier>
    </Filter>
    <Filter Include="btgui\urdf\urdfdom\urdf_parser\src">
      <UniqueIdentifier>{431D16DB-447E-DC48-B769-DE4FBEA6526C}</UniqueIdentifier>
    </Filter>
    <Filter Include="btgui\urdf\urdfdom\urdf_parser\include">
      <UniqueIdentifier>{59737ACE-F2B4-3546-A5A2-7984427CF9F5}</UniqueIdentifier>
    </Filter>
    <Filter Include="btgui\urdf\urdfdom\urdf_parser\include\urdf_parser">
      <UniqueIdentifier>{D92D5DA6-CE47-AE46-90CE-C8B1AB945AA1}</UniqueIdentifier>
    </Filter>
    <Filter Include="btgui\urdf\urdfdom_headers">
      <UniqueIdentifier>{348A10D6-EF4C-2149-9134-C2BF759F671B}</UniqueIdentifier>
    </Filter>
    <Filter Include="btgui\urdf\urdfdom_headers\urdf_exception">
      <UniqueIdentifier>{4C5286DE-D99B-0845-AD25-B8EFBFB29D83}</UniqueIdentifier>
    </Filter>
    <Filter Include="btgui\urdf\urdfdom_headers\urdf_exception\include">
      <UniqueIdentifier>{B593DA43-B37D-F346-B938-DE62669CDDAF}</UniqueIdentifier>
    </Filter>
    <Filter Include="btgui\urdf\urdfdom_headers\urdf_exception\include\urdf_exception">
      <UniqueIdentifier>{05330B65-D96F-8E4B-AA1B-A6DBDEE03F3F}</UniqueIdentifier>
    </Filter>
    <Filter Include="btgui\urdf\urdfdom_headers\urdf_model">
      <UniqueIdentifier>{4905F5DB-B526-4F41-986C-044747662CEB}</UniqueIdentifier>
    </Filter>
    <Filter Include="btgui\urdf\urdfdom_headers\urdf_model\include">
      <UniqueIdentifier>{3E7211EC-3029-3C4B-BE8D-AD78243421FB}</UniqueIdentifier>
    </Filter>
    <Filter Include="btgui\urdf\urdfdom_headers\urdf_model\include\urdf_model">
      <UniqueIdentifier>{47E4DA82-F761-FD43-BC0C-EE5B5CF9741E}</UniqueIdentifier>
    </Filter>
    <Filter Include="btgui\tinyxml">
      <UniqueIdentifier>{B7D7FF05-1F0B-9246-A340-69752E44088F}</UniqueIdentifier>
    </Filter>
    <Filter Include="btgui\urdf\boost_replacement">
      <UniqueIdentifier>{E7AAC660-93C6-C949-BFCD-47DF077E4E66}</UniqueIdentifier>
    </Filter>
  </ItemGroup>
  <ItemGroup>
    <ClInclude Include="..\..\btgui\urdf\urdfdom\urdf_parser\include\urdf_parser\urdf_parser.h">
      <Filter>btgui\urdf\urdfdom\urdf_parser\include\urdf_parser</Filter>
    </ClInclude>
    <ClInclude Include="..\..\btgui\urdf\urdfdom_headers\urdf_exception\include\urdf_exception\exception.h">
      <Filter>btgui\urdf\urdfdom_headers\urdf_exception\include\urdf_exception</Filter>
    </ClInclude>
    <ClInclude Include="..\..\btgui\urdf\urdfdom_headers\urdf_model\include\urdf_model\pose.h">
      <Filter>btgui\urdf\urdfdom_headers\urdf_model\include\urdf_model</Filter>
    </ClInclude>
    <ClInclude Include="..\..\btgui\urdf\urdfdom_headers\urdf_model\include\urdf_model\model.h">
      <Filter>btgui\urdf\urdfdom_headers\urdf_model\include\urdf_model</Filter>
    </ClInclude>
    <ClInclude Include="..\..\btgui\urdf\urdfdom_headers\urdf_model\include\urdf_model\link.h">
      <Filter>btgui\urdf\urdfdom_headers\urdf_model\include\urdf_model</Filter>
    </ClInclude>
    <ClInclude Include="..\..\btgui\urdf\urdfdom_headers\urdf_model\include\urdf_model\joint.h">
      <Filter>btgui\urdf\urdfdom_headers\urdf_model\include\urdf_model</Filter>
    </ClInclude>
    <ClInclude Include="..\..\btgui\urdf\boost_replacement\lexical_cast.h">
      <Filter>btgui\urdf\boost_replacement</Filter>
    </ClInclude>
    <ClInclude Include="..\..\btgui\urdf\boost_replacement\shared_ptr.h">
      <Filter>btgui\urdf\boost_replacement</Filter>
    </ClInclude>
    <ClInclude Include="..\..\btgui\urdf\boost_replacement\printf_console.h">
      <Filter>btgui\urdf\boost_replacement</Filter>
    </ClInclude>
    <ClInclude Include="..\..\btgui\urdf\boost_replacement\string_split.h">
      <Filter>btgui\urdf\boost_replacement</Filter>
    </ClInclude>
  </ItemGroup>
  <ItemGroup>
    <ClCompile Include="..\..\btgui\urdf\urdfdom\urdf_parser\src\check_urdf.cpp">
      <Filter>btgui\urdf\urdfdom\urdf_parser\src</Filter>
    </ClCompile>
    <ClCompile Include="..\..\btgui\urdf\urdfdom\urdf_parser\src\pose.cpp">
      <Filter>btgui\urdf\urdfdom\urdf_parser\src</Filter>
    </ClCompile>
    <ClCompile Include="..\..\btgui\urdf\urdfdom\urdf_parser\src\model.cpp">
      <Filter>btgui\urdf\urdfdom\urdf_parser\src</Filter>
    </ClCompile>
    <ClCompile Include="..\..\btgui\urdf\urdfdom\urdf_parser\src\link.cpp">
      <Filter>btgui\urdf\urdfdom\urdf_parser\src</Filter>
    </ClCompile>
    <ClCompile Include="..\..\btgui\urdf\urdfdom\urdf_parser\src\joint.cpp">
      <Filter>btgui\urdf\urdfdom\urdf_parser\src</Filter>
    </ClCompile>
    <ClCompile Include="..\..\btgui\tinyxml\tinystr.cpp">
      <Filter>btgui\tinyxml</Filter>
    </ClCompile>
    <ClCompile Include="..\..\btgui\tinyxml\tinyxml.cpp">
      <Filter>btgui\tinyxml</Filter>
    </ClCompile>
    <ClCompile Include="..\..\btgui\tinyxml\tinyxmlerror.cpp">
      <Filter>btgui\tinyxml</Filter>
    </ClCompile>
    <ClCompile Include="..\..\btgui\tinyxml\tinyxmlparser.cpp">
      <Filter>btgui\tinyxml</Filter>
    </ClCompile>
    <ClCompile Include="..\..\btgui\urdf\boost_replacement\printf_console.cpp">
      <Filter>btgui\urdf\boost_replacement</Filter>
    </ClCompile>
    <ClCompile Include="..\..\btgui\urdf\boost_replacement\string_split.cpp">
      <Filter>btgui\urdf\boost_replacement</Filter>
    </ClCompile>
  </ItemGroup>
</Project>
