
Microsoft Visual Studio Solution File, Format Version 12.00
# Visual Studio 2012
Project("{8BC9CEB8-8B4A-11D0-8D11-00A0C91BC942}") = "TeamProject", "TeamProject\TeamProject.vcxproj", "{BCB8C3C9-D5E6-4EC4-86CE-08FC0EC149B7}"
EndProject
Project("{8BC9CEB8-8B4A-11D0-8D11-00A0C91BC942}") = "BulletCollision", "..\..\..\..\Bullet\build3\vs2010\BulletCollision.vcxproj", "{6AA8D57A-D40B-8342-979C-6B0956AD20A6}"
EndProject
Project("{8BC9CEB8-8B4A-11D0-8D11-00A0C91BC942}") = "BulletDynamics", "..\..\..\..\Bullet\build3\vs2010\BulletDynamics.vcxproj", "{24756162-2A89-E44A-9C6F-001F802A472C}"
EndProject
Project("{8BC9CEB8-8B4A-11D0-8D11-00A0C91BC942}") = "LinearMath", "..\..\..\..\Bullet\build3\vs2010\LinearMath.vcxproj", "{3C0698DC-E11B-4D4E-BFFF-E3A35AB4CAD3}"
EndProject
Global
	GlobalSection(SolutionConfigurationPlatforms) = preSolution
		Debug|Win32 = Debug|Win32
		Debug|x64 = Debug|x64
		Release|Win32 = Release|Win32
		Release|x64 = Release|x64
	EndGlobalSection
	GlobalSection(ProjectConfigurationPlatforms) = postSolution
		{BCB8C3C9-D5E6-4EC4-86CE-08FC0EC149B7}.Debug|Win32.ActiveCfg = Debug|Win32
		{BCB8C3C9-D5E6-4EC4-86CE-08FC0EC149B7}.Debug|Win32.Build.0 = Debug|Win32
		{BCB8C3C9-D5E6-4EC4-86CE-08FC0EC149B7}.Debug|x64.ActiveCfg = Debug|Win32
		{BCB8C3C9-D5E6-4EC4-86CE-08FC0EC149B7}.Release|Win32.ActiveCfg = Release|Win32
		{BCB8C3C9-D5E6-4EC4-86CE-08FC0EC149B7}.Release|Win32.Build.0 = Release|Win32
		{BCB8C3C9-D5E6-4EC4-86CE-08FC0EC149B7}.Release|x64.ActiveCfg = Release|Win32
		{6AA8D57A-D40B-8342-979C-6B0956AD20A6}.Debug|Win32.ActiveCfg = Debug|Win32
		{6AA8D57A-D40B-8342-979C-6B0956AD20A6}.Debug|Win32.Build.0 = Debug|Win32
		{6AA8D57A-D40B-8342-979C-6B0956AD20A6}.Debug|x64.ActiveCfg = Debug|x64
		{6AA8D57A-D40B-8342-979C-6B0956AD20A6}.Debug|x64.Build.0 = Debug|x64
		{6AA8D57A-D40B-8342-979C-6B0956AD20A6}.Release|Win32.ActiveCfg = Release|Win32
		{6AA8D57A-D40B-8342-979C-6B0956AD20A6}.Release|Win32.Build.0 = Release|Win32
		{6AA8D57A-D40B-8342-979C-6B0956AD20A6}.Release|x64.ActiveCfg = Release|x64
		{6AA8D57A-D40B-8342-979C-6B0956AD20A6}.Release|x64.Build.0 = Release|x64
		{24756162-2A89-E44A-9C6F-001F802A472C}.Debug|Win32.ActiveCfg = Debug|Win32
		{24756162-2A89-E44A-9C6F-001F802A472C}.Debug|Win32.Build.0 = Debug|Win32
		{24756162-2A89-E44A-9C6F-001F802A472C}.Debug|x64.ActiveCfg = Debug|x64
		{24756162-2A89-E44A-9C6F-001F802A472C}.Debug|x64.Build.0 = Debug|x64
		{24756162-2A89-E44A-9C6F-001F802A472C}.Release|Win32.ActiveCfg = Release|Win32
		{24756162-2A89-E44A-9C6F-001F802A472C}.Release|Win32.Build.0 = Release|Win32
		{24756162-2A89-E44A-9C6F-001F802A472C}.Release|x64.ActiveCfg = Release|x64
		{24756162-2A89-E44A-9C6F-001F802A472C}.Release|x64.Build.0 = Release|x64
		{3C0698DC-E11B-4D4E-BFFF-E3A35AB4CAD3}.Debug|Win32.ActiveCfg = Debug|Win32
		{3C0698DC-E11B-4D4E-BFFF-E3A35AB4CAD3}.Debug|Win32.Build.0 = Debug|Win32
		{3C0698DC-E11B-4D4E-BFFF-E3A35AB4CAD3}.Debug|x64.ActiveCfg = Debug|x64
		{3C0698DC-E11B-4D4E-BFFF-E3A35AB4CAD3}.Debug|x64.Build.0 = Debug|x64
		{3C0698DC-E11B-4D4E-BFFF-E3A35AB4CAD3}.Release|Win32.ActiveCfg = Release|Win32
		{3C0698DC-E11B-4D4E-BFFF-E3A35AB4CAD3}.Release|Win32.Build.0 = Release|Win32
		{3C0698DC-E11B-4D4E-BFFF-E3A35AB4CAD3}.Release|x64.ActiveCfg = Release|x64
		{3C0698DC-E11B-4D4E-BFFF-E3A35AB4CAD3}.Release|x64.Build.0 = Release|x64
	EndGlobalSection
	GlobalSection(SolutionProperties) = preSolution
		HideSolutionNode = FALSE
	EndGlobalSection
EndGlobal
